// !$*UTF8*$!
{
	archiveVersion = 1;
	classes = {
	};
	objectVersion = 77;
	objects = {

/* Begin PBXBuildFile section */
		0889CCB59AF8D7BF8A1E980A /* ChatsServiceTests.swift in Sources */ = {isa = PBXBuildFile; fileRef = A3B63E6A6B8C2DAC42E0A24D /* ChatsServiceTests.swift */; };
		0C4AD17E1DB267DA2C398EE2 /* APIClientTests.swift in Sources */ = {isa = PBXBuildFile; fileRef = 79589560A32E9600F5F7BF95 /* APIClientTests.swift */; };
		14E2355195B8320EC305FAE0 /* HominemAppleiOSApp.swift in Sources */ = {isa = PBXBuildFile; fileRef = B5E4DDBD7CDB1F25DE34DE61 /* HominemAppleiOSApp.swift */; };
		22283F8508359C7BD7AD1BFC /* NotesServiceTests.swift in Sources */ = {isa = PBXBuildFile; fileRef = A9B4D5263E7AFEF6EACCD446 /* NotesServiceTests.swift */; };
		32A3E3FD4779C46DEA640BF3 /* AuthServiceTests.swift in Sources */ = {isa = PBXBuildFile; fileRef = D1A520474F760ADD619BB10F /* AuthServiceTests.swift */; };
		3B31B50C12C54F2FF42977E2 /* HominemAppleCore in Frameworks */ = {isa = PBXBuildFile; productRef = C7485347EA714CEE4DE46E57 /* HominemAppleCore */; };
		40148CD3A04EBFDF832ED5A8 /* AppEnvironmentTests.swift in Sources */ = {isa = PBXBuildFile; fileRef = 4AF741C861F0FA0AAE88E304 /* AppEnvironmentTests.swift */; };
		6558D41F1A31BA50A1A4DBF5 /* HominemAppleCore in Frameworks */ = {isa = PBXBuildFile; productRef = 7216511F709B1B26AF96518A /* HominemAppleCore */; };
		66ACEC2B062A1182841B38D8 /* HominemAppleCore in Frameworks */ = {isa = PBXBuildFile; productRef = 07ED507F75D74A51FD0936E7 /* HominemAppleCore */; };
		6A8469739B33C7842B4D7007 /* AppEnvironmentTests.swift in Sources */ = {isa = PBXBuildFile; fileRef = 4AF741C861F0FA0AAE88E304 /* AppEnvironmentTests.swift */; };
		71D7972EF3F4A978AC5BB6BA /* CookieJarTests.swift in Sources */ = {isa = PBXBuildFile; fileRef = A35BD493F72B159467C21BD2 /* CookieJarTests.swift */; };
		75C9F87363CD6D5FD7E73765 /* HominemAppleMacE2ETests.swift in Sources */ = {isa = PBXBuildFile; fileRef = 33247E7D6F67806A12D187F4 /* HominemAppleMacE2ETests.swift */; };
		798B158E537C0473D129077F /* AuthStateTests.swift in Sources */ = {isa = PBXBuildFile; fileRef = 2E19C5CE07A3AD505AAC4E04 /* AuthStateTests.swift */; };
		7DC2ACC5511002667D6EF5D8 /* APIClientTests.swift in Sources */ = {isa = PBXBuildFile; fileRef = 79589560A32E9600F5F7BF95 /* APIClientTests.swift */; };
		8EAE3C399B588810A2CA221B /* NotesServiceTests.swift in Sources */ = {isa = PBXBuildFile; fileRef = A9B4D5263E7AFEF6EACCD446 /* NotesServiceTests.swift */; };
		A44952FB07EB30DCF5E14988 /* ChatsServiceTests.swift in Sources */ = {isa = PBXBuildFile; fileRef = A3B63E6A6B8C2DAC42E0A24D /* ChatsServiceTests.swift */; };
		A70B387E2D597698E4E0B06B /* AudioRecorderTests.swift in Sources */ = {isa = PBXBuildFile; fileRef = 3E92C51DDE20259EB99D0A6A /* AudioRecorderTests.swift */; };
		AB211B613F687CAB8B6CD851 /* CookieJarTests.swift in Sources */ = {isa = PBXBuildFile; fileRef = A35BD493F72B159467C21BD2 /* CookieJarTests.swift */; };
		C1D8D2FF408677A26A5D7358 /* HominemAppleMacApp.swift in Sources */ = {isa = PBXBuildFile; fileRef = 0F9FF262A55E5F92644E5389 /* HominemAppleMacApp.swift */; };
		CCA18831983882AF977AB1FE /* AuthServiceTests.swift in Sources */ = {isa = PBXBuildFile; fileRef = D1A520474F760ADD619BB10F /* AuthServiceTests.swift */; };
		D5F7810A832046C8A45A0760 /* AudioRecorderTests.swift in Sources */ = {isa = PBXBuildFile; fileRef = 3E92C51DDE20259EB99D0A6A /* AudioRecorderTests.swift */; };
		EA621A9E0B8D2D0D67F6E90F /* HominemAppleCore in Frameworks */ = {isa = PBXBuildFile; productRef = 6705C1A4B0F54E83E1E4DC3A /* HominemAppleCore */; };
		FE8C62127E5F3B5BFC90B1A3 /* AuthStateTests.swift in Sources */ = {isa = PBXBuildFile; fileRef = 2E19C5CE07A3AD505AAC4E04 /* AuthStateTests.swift */; };
/* End PBXBuildFile section */

/* Begin PBXContainerItemProxy section */
		566689DF25BC2572CB8462DA /* PBXContainerItemProxy */ = {
			isa = PBXContainerItemProxy;
			containerPortal = F2A5BD670A81B83764FF350B /* Project object */;
			proxyType = 1;
			remoteGlobalIDString = 7D1D523B90981846B9D51A3C;
			remoteInfo = HominemAppleiOS;
		};
		7AF705C241D7E28191597757 /* PBXContainerItemProxy */ = {
			isa = PBXContainerItemProxy;
			containerPortal = F2A5BD670A81B83764FF350B /* Project object */;
			proxyType = 1;
			remoteGlobalIDString = 2F1347260054E3C8AA83216E;
			remoteInfo = HominemAppleMac;
		};
		E33020FA43926DF3FCA6E589 /* PBXContainerItemProxy */ = {
			isa = PBXContainerItemProxy;
			containerPortal = F2A5BD670A81B83764FF350B /* Project object */;
			proxyType = 1;
			remoteGlobalIDString = 2F1347260054E3C8AA83216E;
			remoteInfo = HominemAppleMac;
		};
/* End PBXContainerItemProxy section */

/* Begin PBXFileReference section */
		071DF89423EC545B07222C2E /* Debug.xcconfig */ = {isa = PBXFileReference; lastKnownFileType = text.xcconfig; path = Debug.xcconfig; sourceTree = "<group>"; };
		0F9FF262A55E5F92644E5389 /* HominemAppleMacApp.swift */ = {isa = PBXFileReference; lastKnownFileType = sourcecode.swift; path = HominemAppleMacApp.swift; sourceTree = "<group>"; };
		2E19C5CE07A3AD505AAC4E04 /* AuthStateTests.swift */ = {isa = PBXFileReference; lastKnownFileType = sourcecode.swift; path = AuthStateTests.swift; sourceTree = "<group>"; };
		2EF8808234F6934E6DC27AB4 /* Release.xcconfig */ = {isa = PBXFileReference; lastKnownFileType = text.xcconfig; path = Release.xcconfig; sourceTree = "<group>"; };
		33247E7D6F67806A12D187F4 /* HominemAppleMacE2ETests.swift */ = {isa = PBXFileReference; lastKnownFileType = sourcecode.swift; path = HominemAppleMacE2ETests.swift; sourceTree = "<group>"; };
		36522F05A4B83896387262DD /* HominemAppleMac.app */ = {isa = PBXFileReference; explicitFileType = wrapper.application; includeInIndex = 0; path = HominemAppleMac.app; sourceTree = BUILT_PRODUCTS_DIR; };
		3E92C51DDE20259EB99D0A6A /* AudioRecorderTests.swift */ = {isa = PBXFileReference; lastKnownFileType = sourcecode.swift; path = AudioRecorderTests.swift; sourceTree = "<group>"; };
		4AF741C861F0FA0AAE88E304 /* AppEnvironmentTests.swift */ = {isa = PBXFileReference; lastKnownFileType = sourcecode.swift; path = AppEnvironmentTests.swift; sourceTree = "<group>"; };
		6557330874A1795392092206 /* HominemAppleMacCoreTests.xctest */ = {isa = PBXFileReference; explicitFileType = wrapper.cfbundle; includeInIndex = 0; path = HominemAppleMacCoreTests.xctest; sourceTree = BUILT_PRODUCTS_DIR; };
		79589560A32E9600F5F7BF95 /* APIClientTests.swift */ = {isa = PBXFileReference; lastKnownFileType = sourcecode.swift; path = APIClientTests.swift; sourceTree = "<group>"; };
		98B26F4554A255639F32E444 /* HominemAppleiOSTests.xctest */ = {isa = PBXFileReference; includeInIndex = 0; lastKnownFileType = wrapper.cfbundle; path = HominemAppleiOSTests.xctest; sourceTree = BUILT_PRODUCTS_DIR; };
		9EB573959E609C920EE7CBFD /* Staging.xcconfig */ = {isa = PBXFileReference; lastKnownFileType = text.xcconfig; path = Staging.xcconfig; sourceTree = "<group>"; };
		A35BD493F72B159467C21BD2 /* CookieJarTests.swift */ = {isa = PBXFileReference; lastKnownFileType = sourcecode.swift; path = CookieJarTests.swift; sourceTree = "<group>"; };
		A3B63E6A6B8C2DAC42E0A24D /* ChatsServiceTests.swift */ = {isa = PBXFileReference; lastKnownFileType = sourcecode.swift; path = ChatsServiceTests.swift; sourceTree = "<group>"; };
		A9B4D5263E7AFEF6EACCD446 /* NotesServiceTests.swift */ = {isa = PBXFileReference; lastKnownFileType = sourcecode.swift; path = NotesServiceTests.swift; sourceTree = "<group>"; };
		B5E4DDBD7CDB1F25DE34DE61 /* HominemAppleiOSApp.swift */ = {isa = PBXFileReference; lastKnownFileType = sourcecode.swift; path = HominemAppleiOSApp.swift; sourceTree = "<group>"; };
		BC0EE9CEB2CF5A2C1C3F237D /* HominemAppleiOS.app */ = {isa = PBXFileReference; includeInIndex = 0; lastKnownFileType = wrapper.application; path = HominemAppleiOS.app; sourceTree = BUILT_PRODUCTS_DIR; };
		D12791CD8C562C53FD937AB2 /* apple */ = {isa = PBXFileReference; lastKnownFileType = folder; name = apple; path = .; sourceTree = SOURCE_ROOT; };
		D1A520474F760ADD619BB10F /* AuthServiceTests.swift */ = {isa = PBXFileReference; lastKnownFileType = sourcecode.swift; path = AuthServiceTests.swift; sourceTree = "<group>"; };
		F4B5468DBBEB5F8046189B23 /* HominemAppleMacE2E.xctest */ = {isa = PBXFileReference; explicitFileType = wrapper.cfbundle; includeInIndex = 0; path = HominemAppleMacE2E.xctest; sourceTree = BUILT_PRODUCTS_DIR; };
/* End PBXFileReference section */

/* Begin PBXFrameworksBuildPhase section */
		1F1E50FD051A9DEBA26235A7 /* Frameworks */ = {
			isa = PBXFrameworksBuildPhase;
			buildActionMask = 2147483647;
			files = (
				EA621A9E0B8D2D0D67F6E90F /* HominemAppleCore in Frameworks */,
			);
			runOnlyForDeploymentPostprocessing = 0;
		};
		24519F95E159EAA11E5E0F8F /* Frameworks */ = {
			isa = PBXFrameworksBuildPhase;
			buildActionMask = 2147483647;
			files = (
				3B31B50C12C54F2FF42977E2 /* HominemAppleCore in Frameworks */,
			);
			runOnlyForDeploymentPostprocessing = 0;
		};
		92FA9741F89743166FE70866 /* Frameworks */ = {
			isa = PBXFrameworksBuildPhase;
			buildActionMask = 2147483647;
			files = (
				66ACEC2B062A1182841B38D8 /* HominemAppleCore in Frameworks */,
			);
			runOnlyForDeploymentPostprocessing = 0;
		};
		C8A658BAF866927CEBC40C8D /* Frameworks */ = {
			isa = PBXFrameworksBuildPhase;
			buildActionMask = 2147483647;
			files = (
				6558D41F1A31BA50A1A4DBF5 /* HominemAppleCore in Frameworks */,
			);
			runOnlyForDeploymentPostprocessing = 0;
		};
/* End PBXFrameworksBuildPhase section */

/* Begin PBXGroup section */
		004C329824376CA64E6FE681 = {
			isa = PBXGroup;
			children = (
				16146BC37B18A107B98C22A5 /* Config */,
				29590932E589A21D9454C35E /* iOS */,
				D689965C690CC7CBCD6E823C /* macOS */,
				1FC70C82731E27A26F0E4E6B /* macOSUITests */,
				AD114AB593118FF7525C871D /* Packages */,
				139D5146A1B382CDC677150C /* Tests */,
				79893C4A3860A798B796B5E4 /* Products */,
			);
			sourceTree = "<group>";
		};
		139D5146A1B382CDC677150C /* Tests */ = {
			isa = PBXGroup;
			children = (
				28639460224059AAEBBB67ED /* HominemAppleCoreTests */,
			);
			path = Tests;
			sourceTree = "<group>";
		};
		16146BC37B18A107B98C22A5 /* Config */ = {
			isa = PBXGroup;
			children = (
				760E0E406955858D7D87F29C /* Configurations */,
			);
			path = Config;
			sourceTree = "<group>";
		};
		1FC70C82731E27A26F0E4E6B /* macOSUITests */ = {
			isa = PBXGroup;
			children = (
				33247E7D6F67806A12D187F4 /* HominemAppleMacE2ETests.swift */,
			);
			path = macOSUITests;
			sourceTree = "<group>";
		};
		28639460224059AAEBBB67ED /* HominemAppleCoreTests */ = {
			isa = PBXGroup;
			children = (
				79589560A32E9600F5F7BF95 /* APIClientTests.swift */,
				4AF741C861F0FA0AAE88E304 /* AppEnvironmentTests.swift */,
				3E92C51DDE20259EB99D0A6A /* AudioRecorderTests.swift */,
				D1A520474F760ADD619BB10F /* AuthServiceTests.swift */,
				2E19C5CE07A3AD505AAC4E04 /* AuthStateTests.swift */,
				A3B63E6A6B8C2DAC42E0A24D /* ChatsServiceTests.swift */,
				A35BD493F72B159467C21BD2 /* CookieJarTests.swift */,
				A9B4D5263E7AFEF6EACCD446 /* NotesServiceTests.swift */,
			);
			path = HominemAppleCoreTests;
			sourceTree = "<group>";
		};
		29590932E589A21D9454C35E /* iOS */ = {
			isa = PBXGroup;
			children = (
				B5E4DDBD7CDB1F25DE34DE61 /* HominemAppleiOSApp.swift */,
			);
			path = iOS;
			sourceTree = "<group>";
		};
		760E0E406955858D7D87F29C /* Configurations */ = {
			isa = PBXGroup;
			children = (
				071DF89423EC545B07222C2E /* Debug.xcconfig */,
				2EF8808234F6934E6DC27AB4 /* Release.xcconfig */,
				9EB573959E609C920EE7CBFD /* Staging.xcconfig */,
			);
			path = Configurations;
			sourceTree = "<group>";
		};
		79893C4A3860A798B796B5E4 /* Products */ = {
			isa = PBXGroup;
			children = (
				BC0EE9CEB2CF5A2C1C3F237D /* HominemAppleiOS.app */,
				98B26F4554A255639F32E444 /* HominemAppleiOSTests.xctest */,
				36522F05A4B83896387262DD /* HominemAppleMac.app */,
				6557330874A1795392092206 /* HominemAppleMacCoreTests.xctest */,
				F4B5468DBBEB5F8046189B23 /* HominemAppleMacE2E.xctest */,
			);
			name = Products;
			sourceTree = "<group>";
		};
		AD114AB593118FF7525C871D /* Packages */ = {
			isa = PBXGroup;
			children = (
				D12791CD8C562C53FD937AB2 /* apple */,
			);
			name = Packages;
			sourceTree = "<group>";
		};
		D689965C690CC7CBCD6E823C /* macOS */ = {
			isa = PBXGroup;
			children = (
				0F9FF262A55E5F92644E5389 /* HominemAppleMacApp.swift */,
			);
			path = macOS;
			sourceTree = "<group>";
		};
/* End PBXGroup section */

/* Begin PBXNativeTarget section */
		2F1347260054E3C8AA83216E /* HominemAppleMac */ = {
			isa = PBXNativeTarget;
			buildConfigurationList = C3CEE1E7A78CF48F43A1551F /* Build configuration list for PBXNativeTarget "HominemAppleMac" */;
			buildPhases = (
				2B552C9E164E0A3C8CD41B6F /* Sources */,
				1F1E50FD051A9DEBA26235A7 /* Frameworks */,
			);
			buildRules = (
			);
			dependencies = (
			);
			name = HominemAppleMac;
			packageProductDependencies = (
				6705C1A4B0F54E83E1E4DC3A /* HominemAppleCore */,
			);
			productName = HominemAppleMac;
			productReference = 36522F05A4B83896387262DD /* HominemAppleMac.app */;
			productType = "com.apple.product-type.application";
		};
		7D1D523B90981846B9D51A3C /* HominemAppleiOS */ = {
			isa = PBXNativeTarget;
			buildConfigurationList = CC43CA903FDFF952D1526369 /* Build configuration list for PBXNativeTarget "HominemAppleiOS" */;
			buildPhases = (
				9B5A35B4E6707B708BF5CEF0 /* Sources */,
				C8A658BAF866927CEBC40C8D /* Frameworks */,
			);
			buildRules = (
			);
			dependencies = (
			);
			name = HominemAppleiOS;
			packageProductDependencies = (
				7216511F709B1B26AF96518A /* HominemAppleCore */,
			);
			productName = HominemAppleiOS;
			productReference = BC0EE9CEB2CF5A2C1C3F237D /* HominemAppleiOS.app */;
			productType = "com.apple.product-type.application";
		};
		84045B41BE398545DA39067D /* HominemAppleiOSTests */ = {
			isa = PBXNativeTarget;
			buildConfigurationList = 9A1D5037880883858EE8D962 /* Build configuration list for PBXNativeTarget "HominemAppleiOSTests" */;
			buildPhases = (
				56E2FA9F58884012471DBD6F /* Sources */,
				24519F95E159EAA11E5E0F8F /* Frameworks */,
			);
			buildRules = (
			);
			dependencies = (
				15563566C3FCFE4FA3E9C5CC /* PBXTargetDependency */,
			);
			name = HominemAppleiOSTests;
			packageProductDependencies = (
				C7485347EA714CEE4DE46E57 /* HominemAppleCore */,
			);
			productName = HominemAppleiOSTests;
			productReference = 98B26F4554A255639F32E444 /* HominemAppleiOSTests.xctest */;
			productType = "com.apple.product-type.bundle.unit-test";
		};
		8DF97C8F53627048B10BD89B /* HominemAppleMacCoreTests */ = {
			isa = PBXNativeTarget;
			buildConfigurationList = EF2767792E25B47E563BF441 /* Build configuration list for PBXNativeTarget "HominemAppleMacCoreTests" */;
			buildPhases = (
				6622897181077FF3834EE63C /* Sources */,
				92FA9741F89743166FE70866 /* Frameworks */,
			);
			buildRules = (
			);
			dependencies = (
				6B9933C11910B6F452A5B920 /* PBXTargetDependency */,
			);
			name = HominemAppleMacCoreTests;
			packageProductDependencies = (
				07ED507F75D74A51FD0936E7 /* HominemAppleCore */,
			);
			productName = HominemAppleMacCoreTests;
			productReference = 6557330874A1795392092206 /* HominemAppleMacCoreTests.xctest */;
			productType = "com.apple.product-type.bundle.unit-test";
		};
		FFCAA6550D6923895475CC5D /* HominemAppleMacE2E */ = {
			isa = PBXNativeTarget;
			buildConfigurationList = 3AABCA9D570D612D06C5954F /* Build configuration list for PBXNativeTarget "HominemAppleMacE2E" */;
			buildPhases = (
				901340EA0F6048DC6EDE2447 /* Sources */,
			);
			buildRules = (
			);
			dependencies = (
				20F078DF06FD42DEC01ADF0D /* PBXTargetDependency */,
			);
			name = HominemAppleMacE2E;
			packageProductDependencies = (
			);
			productName = HominemAppleMacE2E;
			productReference = F4B5468DBBEB5F8046189B23 /* HominemAppleMacE2E.xctest */;
			productType = "com.apple.product-type.bundle.ui-testing";
		};
/* End PBXNativeTarget section */

/* Begin PBXProject section */
		F2A5BD670A81B83764FF350B /* Project object */ = {
			isa = PBXProject;
			attributes = {
				BuildIndependentTargetsInParallel = YES;
				LastUpgradeCheck = 1430;
				TargetAttributes = {
					FFCAA6550D6923895475CC5D = {
						TestTargetID = 2F1347260054E3C8AA83216E;
					};
				};
			};
			buildConfigurationList = 6832A515E444943C8ED12A48 /* Build configuration list for PBXProject "HominemApple" */;
			developmentRegion = en;
			hasScannedForEncodings = 0;
			knownRegions = (
				Base,
				en,
			);
			mainGroup = 004C329824376CA64E6FE681;
			minimizedProjectReferenceProxies = 1;
			packageReferences = (
				0B3909EEC92A78CE82A67ACB /* XCLocalSwiftPackageReference "." */,
			);
			preferredProjectObjectVersion = 77;
			productRefGroup = 79893C4A3860A798B796B5E4 /* Products */;
			projectDirPath = "";
			projectRoot = "";
			targets = (
				2F1347260054E3C8AA83216E /* HominemAppleMac */,
				8DF97C8F53627048B10BD89B /* HominemAppleMacCoreTests */,
				FFCAA6550D6923895475CC5D /* HominemAppleMacE2E */,
				7D1D523B90981846B9D51A3C /* HominemAppleiOS */,
				84045B41BE398545DA39067D /* HominemAppleiOSTests */,
			);
		};
/* End PBXProject section */

/* Begin PBXSourcesBuildPhase section */
		2B552C9E164E0A3C8CD41B6F /* Sources */ = {
			isa = PBXSourcesBuildPhase;
			buildActionMask = 2147483647;
			files = (
				C1D8D2FF408677A26A5D7358 /* HominemAppleMacApp.swift in Sources */,
			);
			runOnlyForDeploymentPostprocessing = 0;
		};
		56E2FA9F58884012471DBD6F /* Sources */ = {
			isa = PBXSourcesBuildPhase;
			buildActionMask = 2147483647;
			files = (
				0C4AD17E1DB267DA2C398EE2 /* APIClientTests.swift in Sources */,
				40148CD3A04EBFDF832ED5A8 /* AppEnvironmentTests.swift in Sources */,
				A70B387E2D597698E4E0B06B /* AudioRecorderTests.swift in Sources */,
				CCA18831983882AF977AB1FE /* AuthServiceTests.swift in Sources */,
				798B158E537C0473D129077F /* AuthStateTests.swift in Sources */,
				A44952FB07EB30DCF5E14988 /* ChatsServiceTests.swift in Sources */,
				AB211B613F687CAB8B6CD851 /* CookieJarTests.swift in Sources */,
				22283F8508359C7BD7AD1BFC /* NotesServiceTests.swift in Sources */,
			);
			runOnlyForDeploymentPostprocessing = 0;
		};
		6622897181077FF3834EE63C /* Sources */ = {
			isa = PBXSourcesBuildPhase;
			buildActionMask = 2147483647;
			files = (
				7DC2ACC5511002667D6EF5D8 /* APIClientTests.swift in Sources */,
				6A8469739B33C7842B4D7007 /* AppEnvironmentTests.swift in Sources */,
				D5F7810A832046C8A45A0760 /* AudioRecorderTests.swift in Sources */,
				32A3E3FD4779C46DEA640BF3 /* AuthServiceTests.swift in Sources */,
				FE8C62127E5F3B5BFC90B1A3 /* AuthStateTests.swift in Sources */,
				0889CCB59AF8D7BF8A1E980A /* ChatsServiceTests.swift in Sources */,
				71D7972EF3F4A978AC5BB6BA /* CookieJarTests.swift in Sources */,
				8EAE3C399B588810A2CA221B /* NotesServiceTests.swift in Sources */,
			);
			runOnlyForDeploymentPostprocessing = 0;
		};
		901340EA0F6048DC6EDE2447 /* Sources */ = {
			isa = PBXSourcesBuildPhase;
			buildActionMask = 2147483647;
			files = (
				75C9F87363CD6D5FD7E73765 /* HominemAppleMacE2ETests.swift in Sources */,
			);
			runOnlyForDeploymentPostprocessing = 0;
		};
		9B5A35B4E6707B708BF5CEF0 /* Sources */ = {
			isa = PBXSourcesBuildPhase;
			buildActionMask = 2147483647;
			files = (
				14E2355195B8320EC305FAE0 /* HominemAppleiOSApp.swift in Sources */,
			);
			runOnlyForDeploymentPostprocessing = 0;
		};
/* End PBXSourcesBuildPhase section */

/* Begin PBXTargetDependency section */
		15563566C3FCFE4FA3E9C5CC /* PBXTargetDependency */ = {
			isa = PBXTargetDependency;
			target = 7D1D523B90981846B9D51A3C /* HominemAppleiOS */;
			targetProxy = 566689DF25BC2572CB8462DA /* PBXContainerItemProxy */;
		};
		20F078DF06FD42DEC01ADF0D /* PBXTargetDependency */ = {
			isa = PBXTargetDependency;
			target = 2F1347260054E3C8AA83216E /* HominemAppleMac */;
			targetProxy = E33020FA43926DF3FCA6E589 /* PBXContainerItemProxy */;
		};
		6B9933C11910B6F452A5B920 /* PBXTargetDependency */ = {
			isa = PBXTargetDependency;
			target = 2F1347260054E3C8AA83216E /* HominemAppleMac */;
			targetProxy = 7AF705C241D7E28191597757 /* PBXContainerItemProxy */;
		};
/* End PBXTargetDependency section */

/* Begin XCBuildConfiguration section */
		015AF835212A8AAD9D348E61 /* Release */ = {
			isa = XCBuildConfiguration;
			buildSettings = {
				BUNDLE_LOADER = "$(TEST_HOST)";
				COMBINE_HIDPI_IMAGES = YES;
				GENERATE_INFOPLIST_FILE = YES;
				LD_RUNPATH_SEARCH_PATHS = (
					"$(inherited)",
					"@executable_path/Frameworks",
					"@loader_path/Frameworks",
				);
				MACOSX_DEPLOYMENT_TARGET = 14.0;
				PRODUCT_BUNDLE_IDENTIFIER = io.hominem.apple.mac.e2e;
				SDKROOT = macosx;
				TEST_TARGET_NAME = HominemAppleMac;
			};
			name = Release;
		};
		04E070D6C3D9DF934802FA6D /* Release */ = {
			isa = XCBuildConfiguration;
			baseConfigurationReference = 2EF8808234F6934E6DC27AB4 /* Release.xcconfig */;
			buildSettings = {
				ALWAYS_SEARCH_USER_PATHS = NO;
				CLANG_ANALYZER_NONNULL = YES;
				CLANG_ANALYZER_NUMBER_OBJECT_CONVERSION = YES_AGGRESSIVE;
				CLANG_CXX_LANGUAGE_STANDARD = "gnu++14";
				CLANG_CXX_LIBRARY = "libc++";
				CLANG_ENABLE_MODULES = YES;
				CLANG_ENABLE_OBJC_ARC = YES;
				CLANG_ENABLE_OBJC_WEAK = YES;
				CLANG_WARN_BLOCK_CAPTURE_AUTORELEASING = YES;
				CLANG_WARN_BOOL_CONVERSION = YES;
				CLANG_WARN_COMMA = YES;
				CLANG_WARN_CONSTANT_CONVERSION = YES;
				CLANG_WARN_DEPRECATED_OBJC_IMPLEMENTATIONS = YES;
				CLANG_WARN_DIRECT_OBJC_ISA_USAGE = YES_ERROR;
				CLANG_WARN_DOCUMENTATION_COMMENTS = YES;
				CLANG_WARN_EMPTY_BODY = YES;
				CLANG_WARN_ENUM_CONVERSION = YES;
				CLANG_WARN_INFINITE_RECURSION = YES;
				CLANG_WARN_INT_CONVERSION = YES;
				CLANG_WARN_NON_LITERAL_NULL_CONVERSION = YES;
				CLANG_WARN_OBJC_IMPLICIT_RETAIN_SELF = YES;
				CLANG_WARN_OBJC_LITERAL_CONVERSION = YES;
				CLANG_WARN_OBJC_ROOT_CLASS = YES_ERROR;
				CLANG_WARN_QUOTED_INCLUDE_IN_FRAMEWORK_HEADER = YES;
				CLANG_WARN_RANGE_LOOP_ANALYSIS = YES;
				CLANG_WARN_STRICT_PROTOTYPES = YES;
				CLANG_WARN_SUSPICIOUS_MOVE = YES;
				CLANG_WARN_UNGUARDED_AVAILABILITY = YES_AGGRESSIVE;
				CLANG_WARN_UNREACHABLE_CODE = YES;
				CLANG_WARN__DUPLICATE_METHOD_MATCH = YES;
				COPY_PHASE_STRIP = NO;
				CURRENT_PROJECT_VERSION = 1;
				DEBUG_INFORMATION_FORMAT = "dwarf-with-dsym";
				ENABLE_NS_ASSERTIONS = NO;
				ENABLE_STRICT_OBJC_MSGSEND = YES;
				GCC_C_LANGUAGE_STANDARD = gnu11;
				GCC_NO_COMMON_BLOCKS = YES;
				GCC_WARN_64_TO_32_BIT_CONVERSION = YES;
				GCC_WARN_ABOUT_RETURN_TYPE = YES_ERROR;
				GCC_WARN_UNDECLARED_SELECTOR = YES;
				GCC_WARN_UNINITIALIZED_AUTOS = YES_AGGRESSIVE;
				GCC_WARN_UNUSED_FUNCTION = YES;
				GCC_WARN_UNUSED_VARIABLE = YES;
				IPHONEOS_DEPLOYMENT_TARGET = 17.0;
				MACOSX_DEPLOYMENT_TARGET = 14.0;
				MARKETING_VERSION = 0.1.0;
				MTL_ENABLE_DEBUG_INFO = NO;
				MTL_FAST_MATH = YES;
				PRODUCT_NAME = "$(TARGET_NAME)";
				SWIFT_COMPILATION_MODE = wholemodule;
				SWIFT_OPTIMIZATION_LEVEL = "-O";
				SWIFT_VERSION = 6.0;
			};
			name = Release;
		};
		0884C68B12342C37411905A0 /* Staging */ = {
			isa = XCBuildConfiguration;
			buildSettings = {
				BUNDLE_LOADER = "$(TEST_HOST)";
				COMBINE_HIDPI_IMAGES = YES;
				GENERATE_INFOPLIST_FILE = YES;
				LD_RUNPATH_SEARCH_PATHS = (
					"$(inherited)",
					"@executable_path/Frameworks",
					"@loader_path/Frameworks",
				);
				MACOSX_DEPLOYMENT_TARGET = 14.0;
				PRODUCT_BUNDLE_IDENTIFIER = io.hominem.apple.mac.e2e;
				SDKROOT = macosx;
				TEST_TARGET_NAME = HominemAppleMac;
			};
			name = Staging;
		};
		113CD9820F7F79C653970A51 /* Debug */ = {
			isa = XCBuildConfiguration;
			buildSettings = {
				BUNDLE_LOADER = "$(TEST_HOST)";
				GENERATE_INFOPLIST_FILE = YES;
				IPHONEOS_DEPLOYMENT_TARGET = 17.0;
				LD_RUNPATH_SEARCH_PATHS = (
					"$(inherited)",
					"@executable_path/Frameworks",
					"@loader_path/Frameworks",
				);
				PRODUCT_BUNDLE_IDENTIFIER = io.hominem.apple.ios.tests;
				SDKROOT = iphoneos;
				TARGETED_DEVICE_FAMILY = "1,2";
				TEST_HOST = "$(BUILT_PRODUCTS_DIR)/HominemAppleiOS.app/$(BUNDLE_EXECUTABLE_FOLDER_PATH)/HominemAppleiOS";
			};
			name = Debug;
		};
		1F261B5A279E29B2BA621534 /* Debug */ = {
			isa = XCBuildConfiguration;
			buildSettings = {
				ASSETCATALOG_COMPILER_APPICON_NAME = AppIcon;
				CODE_SIGN_ENTITLEMENTS = Config/AppleIOS.entitlements;
				CODE_SIGN_IDENTITY = "iPhone Developer";
				GENERATE_INFOPLIST_FILE = YES;
				INFOPLIST_KEY_CFBundleDisplayName = "Hominem Apple Debug";
				INFOPLIST_KEY_HOMINEM_API_BASE_URL = "$(HOMINEM_API_BASE_URL)";
				INFOPLIST_KEY_HOMINEM_APP_ENV = "$(HOMINEM_APP_ENV)";
				INFOPLIST_KEY_HOMINEM_ASSOCIATED_DOMAIN = "$(HOMINEM_ASSOCIATED_DOMAIN)";
				INFOPLIST_KEY_HOMINEM_ENABLE_AUTH_TEST_HOOK = "$(HOMINEM_ENABLE_AUTH_TEST_HOOK)";
				INFOPLIST_KEY_HOMINEM_PASSKEY_RP_ID = "$(HOMINEM_PASSKEY_RP_ID)";
				INFOPLIST_KEY_LSApplicationCategoryType = "public.app-category.productivity";
				INFOPLIST_KEY_NSAppTransportSecurity = "[\"NSAllowsLocalNetworking\": true, \"NSExceptionDomains\": [\"localhost\": [\"NSTemporaryExceptionAllowsInsecureHTTPLoads\": true, \"NSIncludesSubdomains\": true]]]";
				IPHONEOS_DEPLOYMENT_TARGET = 17.0;
				LD_RUNPATH_SEARCH_PATHS = (
					"$(inherited)",
					"@executable_path/Frameworks",
				);
				PRODUCT_BUNDLE_IDENTIFIER = io.hominem.apple.ios.debug;
				SDKROOT = iphoneos;
				TARGETED_DEVICE_FAMILY = "1,2";
			};
			name = Debug;
		};
		302093F05D51F415A30BF147 /* Release */ = {
			isa = XCBuildConfiguration;
			buildSettings = {
				BUNDLE_LOADER = "$(TEST_HOST)";
				COMBINE_HIDPI_IMAGES = YES;
				GENERATE_INFOPLIST_FILE = YES;
				LD_RUNPATH_SEARCH_PATHS = (
					"$(inherited)",
					"@executable_path/../Frameworks",
					"@loader_path/../Frameworks",
				);
				MACOSX_DEPLOYMENT_TARGET = 14.0;
				PRODUCT_BUNDLE_IDENTIFIER = io.hominem.apple.mac.coretests;
				SDKROOT = macosx;
				TEST_HOST = "$(BUILT_PRODUCTS_DIR)/HominemAppleMac.app/Contents/MacOS/HominemAppleMac";
			};
			name = Release;
		};
		458B090D94C439A1E236B889 /* Debug */ = {
			isa = XCBuildConfiguration;
			buildSettings = {
				ASSETCATALOG_COMPILER_APPICON_NAME = AppIcon;
				CODE_SIGN_ENTITLEMENTS = Config/AppleMac.entitlements;
				COMBINE_HIDPI_IMAGES = YES;
				GENERATE_INFOPLIST_FILE = YES;
				INFOPLIST_KEY_CFBundleDisplayName = "Hominem Apple Debug";
				INFOPLIST_KEY_HOMINEM_API_BASE_URL = "$(HOMINEM_API_BASE_URL)";
				INFOPLIST_KEY_HOMINEM_APP_ENV = "$(HOMINEM_APP_ENV)";
				INFOPLIST_KEY_HOMINEM_ASSOCIATED_DOMAIN = "$(HOMINEM_ASSOCIATED_DOMAIN)";
				INFOPLIST_KEY_HOMINEM_ENABLE_AUTH_TEST_HOOK = "$(HOMINEM_ENABLE_AUTH_TEST_HOOK)";
				INFOPLIST_KEY_HOMINEM_PASSKEY_RP_ID = "$(HOMINEM_PASSKEY_RP_ID)";
				INFOPLIST_KEY_LSApplicationCategoryType = "public.app-category.productivity";
				INFOPLIST_KEY_NSAppTransportSecurity = "[\"NSExceptionDomains\": [\"localhost\": [\"NSIncludesSubdomains\": true, \"NSTemporaryExceptionAllowsInsecureHTTPLoads\": true]], \"NSAllowsLocalNetworking\": true]";
				LD_RUNPATH_SEARCH_PATHS = (
					"$(inherited)",
					"@executable_path/../Frameworks",
				);
				MACOSX_DEPLOYMENT_TARGET = 14.0;
				PRODUCT_BUNDLE_IDENTIFIER = io.hominem.apple.mac.debug;
				SDKROOT = macosx;
			};
			name = Debug;
		};
		50EAC36DA7E6439EB7A342CC /* Release */ = {
			isa = XCBuildConfiguration;
			buildSettings = {
				ASSETCATALOG_COMPILER_APPICON_NAME = AppIcon;
				CODE_SIGN_ENTITLEMENTS = Config/AppleIOS.entitlements;
				CODE_SIGN_IDENTITY = "iPhone Developer";
				GENERATE_INFOPLIST_FILE = YES;
				INFOPLIST_KEY_CFBundleDisplayName = "Hominem Apple";
				INFOPLIST_KEY_HOMINEM_API_BASE_URL = "$(HOMINEM_API_BASE_URL)";
				INFOPLIST_KEY_HOMINEM_APP_ENV = "$(HOMINEM_APP_ENV)";
				INFOPLIST_KEY_HOMINEM_ASSOCIATED_DOMAIN = "$(HOMINEM_ASSOCIATED_DOMAIN)";
				INFOPLIST_KEY_HOMINEM_ENABLE_AUTH_TEST_HOOK = "$(HOMINEM_ENABLE_AUTH_TEST_HOOK)";
				INFOPLIST_KEY_HOMINEM_PASSKEY_RP_ID = "$(HOMINEM_PASSKEY_RP_ID)";
				INFOPLIST_KEY_LSApplicationCategoryType = "public.app-category.productivity";
				IPHONEOS_DEPLOYMENT_TARGET = 17.0;
				LD_RUNPATH_SEARCH_PATHS = (
					"$(inherited)",
					"@executable_path/Frameworks",
				);
				PRODUCT_BUNDLE_IDENTIFIER = io.hominem.apple.ios;
				SDKROOT = iphoneos;
				TARGETED_DEVICE_FAMILY = "1,2";
			};
			name = Release;
		};
		5CAAC531A0203939A6DA3AE0 /* Release */ = {
			isa = XCBuildConfiguration;
			buildSettings = {
				BUNDLE_LOADER = "$(TEST_HOST)";
				GENERATE_INFOPLIST_FILE = YES;
				IPHONEOS_DEPLOYMENT_TARGET = 17.0;
				LD_RUNPATH_SEARCH_PATHS = (
					"$(inherited)",
					"@executable_path/Frameworks",
					"@loader_path/Frameworks",
				);
				PRODUCT_BUNDLE_IDENTIFIER = io.hominem.apple.ios.tests;
				SDKROOT = iphoneos;
				TARGETED_DEVICE_FAMILY = "1,2";
				TEST_HOST = "$(BUILT_PRODUCTS_DIR)/HominemAppleiOS.app/$(BUNDLE_EXECUTABLE_FOLDER_PATH)/HominemAppleiOS";
			};
			name = Release;
		};
		65EAD0AC3A7F6896B1BC16F2 /* Staging */ = {
			isa = XCBuildConfiguration;
			baseConfigurationReference = 9EB573959E609C920EE7CBFD /* Staging.xcconfig */;
			buildSettings = {
				ALWAYS_SEARCH_USER_PATHS = NO;
				CLANG_ANALYZER_NONNULL = YES;
				CLANG_ANALYZER_NUMBER_OBJECT_CONVERSION = YES_AGGRESSIVE;
				CLANG_CXX_LANGUAGE_STANDARD = "gnu++14";
				CLANG_CXX_LIBRARY = "libc++";
				CLANG_ENABLE_MODULES = YES;
				CLANG_ENABLE_OBJC_ARC = YES;
				CLANG_ENABLE_OBJC_WEAK = YES;
				CLANG_WARN_BLOCK_CAPTURE_AUTORELEASING = YES;
				CLANG_WARN_BOOL_CONVERSION = YES;
				CLANG_WARN_COMMA = YES;
				CLANG_WARN_CONSTANT_CONVERSION = YES;
				CLANG_WARN_DEPRECATED_OBJC_IMPLEMENTATIONS = YES;
				CLANG_WARN_DIRECT_OBJC_ISA_USAGE = YES_ERROR;
				CLANG_WARN_DOCUMENTATION_COMMENTS = YES;
				CLANG_WARN_EMPTY_BODY = YES;
				CLANG_WARN_ENUM_CONVERSION = YES;
				CLANG_WARN_INFINITE_RECURSION = YES;
				CLANG_WARN_INT_CONVERSION = YES;
				CLANG_WARN_NON_LITERAL_NULL_CONVERSION = YES;
				CLANG_WARN_OBJC_IMPLICIT_RETAIN_SELF = YES;
				CLANG_WARN_OBJC_LITERAL_CONVERSION = YES;
				CLANG_WARN_OBJC_ROOT_CLASS = YES_ERROR;
				CLANG_WARN_QUOTED_INCLUDE_IN_FRAMEWORK_HEADER = YES;
				CLANG_WARN_RANGE_LOOP_ANALYSIS = YES;
				CLANG_WARN_STRICT_PROTOTYPES = YES;
				CLANG_WARN_SUSPICIOUS_MOVE = YES;
				CLANG_WARN_UNGUARDED_AVAILABILITY = YES_AGGRESSIVE;
				CLANG_WARN_UNREACHABLE_CODE = YES;
				CLANG_WARN__DUPLICATE_METHOD_MATCH = YES;
				COPY_PHASE_STRIP = NO;
				CURRENT_PROJECT_VERSION = 1;
				DEBUG_INFORMATION_FORMAT = "dwarf-with-dsym";
				ENABLE_NS_ASSERTIONS = NO;
				ENABLE_STRICT_OBJC_MSGSEND = YES;
				GCC_C_LANGUAGE_STANDARD = gnu11;
				GCC_NO_COMMON_BLOCKS = YES;
				GCC_WARN_64_TO_32_BIT_CONVERSION = YES;
				GCC_WARN_ABOUT_RETURN_TYPE = YES_ERROR;
				GCC_WARN_UNDECLARED_SELECTOR = YES;
				GCC_WARN_UNINITIALIZED_AUTOS = YES_AGGRESSIVE;
				GCC_WARN_UNUSED_FUNCTION = YES;
				GCC_WARN_UNUSED_VARIABLE = YES;
				IPHONEOS_DEPLOYMENT_TARGET = 17.0;
				MACOSX_DEPLOYMENT_TARGET = 14.0;
				MARKETING_VERSION = 0.1.0;
				MTL_ENABLE_DEBUG_INFO = NO;
				MTL_FAST_MATH = YES;
				PRODUCT_NAME = "$(TARGET_NAME)";
				SWIFT_COMPILATION_MODE = wholemodule;
				SWIFT_OPTIMIZATION_LEVEL = "-O";
				SWIFT_VERSION = 6.0;
			};
			name = Staging;
		};
		71AE6BB9EE253FABACC0A0FF /* Staging */ = {
			isa = XCBuildConfiguration;
			buildSettings = {
				BUNDLE_LOADER = "$(TEST_HOST)";
				COMBINE_HIDPI_IMAGES = YES;
				GENERATE_INFOPLIST_FILE = YES;
				LD_RUNPATH_SEARCH_PATHS = (
					"$(inherited)",
					"@executable_path/../Frameworks",
					"@loader_path/../Frameworks",
				);
				MACOSX_DEPLOYMENT_TARGET = 14.0;
				PRODUCT_BUNDLE_IDENTIFIER = io.hominem.apple.mac.coretests;
				SDKROOT = macosx;
				TEST_HOST = "$(BUILT_PRODUCTS_DIR)/HominemAppleMac.app/Contents/MacOS/HominemAppleMac";
			};
			name = Staging;
		};
		884D84991FF77CAD48DC1F03 /* Debug */ = {
			isa = XCBuildConfiguration;
			buildSettings = {
				BUNDLE_LOADER = "$(TEST_HOST)";
				COMBINE_HIDPI_IMAGES = YES;
				GENERATE_INFOPLIST_FILE = YES;
				LD_RUNPATH_SEARCH_PATHS = (
					"$(inherited)",
					"@executable_path/../Frameworks",
					"@loader_path/../Frameworks",
				);
				MACOSX_DEPLOYMENT_TARGET = 14.0;
				PRODUCT_BUNDLE_IDENTIFIER = io.hominem.apple.mac.coretests;
				SDKROOT = macosx;
				TEST_HOST = "$(BUILT_PRODUCTS_DIR)/HominemAppleMac.app/Contents/MacOS/HominemAppleMac";
			};
			name = Debug;
		};
		8EBE0D00F4B8B8A69F152C89 /* Staging */ = {
			isa = XCBuildConfiguration;
			buildSettings = {
				ASSETCATALOG_COMPILER_APPICON_NAME = AppIcon;
				CODE_SIGN_ENTITLEMENTS = Config/AppleMac.entitlements;
				COMBINE_HIDPI_IMAGES = YES;
				ENABLE_HARDENED_RUNTIME = YES;
				GENERATE_INFOPLIST_FILE = YES;
				INFOPLIST_KEY_CFBundleDisplayName = "Hominem Apple Staging";
				INFOPLIST_KEY_HOMINEM_API_BASE_URL = "$(HOMINEM_API_BASE_URL)";
				INFOPLIST_KEY_HOMINEM_APP_ENV = "$(HOMINEM_APP_ENV)";
				INFOPLIST_KEY_HOMINEM_ASSOCIATED_DOMAIN = "$(HOMINEM_ASSOCIATED_DOMAIN)";
				INFOPLIST_KEY_HOMINEM_ENABLE_AUTH_TEST_HOOK = "$(HOMINEM_ENABLE_AUTH_TEST_HOOK)";
				INFOPLIST_KEY_HOMINEM_PASSKEY_RP_ID = "$(HOMINEM_PASSKEY_RP_ID)";
				INFOPLIST_KEY_LSApplicationCategoryType = "public.app-category.productivity";
				LD_RUNPATH_SEARCH_PATHS = (
					"$(inherited)",
					"@executable_path/../Frameworks",
				);
				MACOSX_DEPLOYMENT_TARGET = 14.0;
				PRODUCT_BUNDLE_IDENTIFIER = io.hominem.apple.mac.staging;
				SDKROOT = macosx;
			};
			name = Staging;
		};
		9F1108EF1658EE5423D4E476 /* Staging */ = {
			isa = XCBuildConfiguration;
			buildSettings = {
				BUNDLE_LOADER = "$(TEST_HOST)";
				GENERATE_INFOPLIST_FILE = YES;
				IPHONEOS_DEPLOYMENT_TARGET = 17.0;
				LD_RUNPATH_SEARCH_PATHS = (
					"$(inherited)",
					"@executable_path/Frameworks",
					"@loader_path/Frameworks",
				);
				PRODUCT_BUNDLE_IDENTIFIER = io.hominem.apple.ios.tests;
				SDKROOT = iphoneos;
				TARGETED_DEVICE_FAMILY = "1,2";
				TEST_HOST = "$(BUILT_PRODUCTS_DIR)/HominemAppleiOS.app/$(BUNDLE_EXECUTABLE_FOLDER_PATH)/HominemAppleiOS";
			};
			name = Staging;
		};
		AD12572520EAFDF0953E3168 /* Release */ = {
			isa = XCBuildConfiguration;
			buildSettings = {
				ASSETCATALOG_COMPILER_APPICON_NAME = AppIcon;
				CODE_SIGN_ENTITLEMENTS = Config/AppleMac.entitlements;
				COMBINE_HIDPI_IMAGES = YES;
				ENABLE_HARDENED_RUNTIME = YES;
				GENERATE_INFOPLIST_FILE = YES;
				INFOPLIST_KEY_CFBundleDisplayName = "Hominem Apple";
				INFOPLIST_KEY_HOMINEM_API_BASE_URL = "$(HOMINEM_API_BASE_URL)";
				INFOPLIST_KEY_HOMINEM_APP_ENV = "$(HOMINEM_APP_ENV)";
				INFOPLIST_KEY_HOMINEM_ASSOCIATED_DOMAIN = "$(HOMINEM_ASSOCIATED_DOMAIN)";
				INFOPLIST_KEY_HOMINEM_ENABLE_AUTH_TEST_HOOK = "$(HOMINEM_ENABLE_AUTH_TEST_HOOK)";
				INFOPLIST_KEY_HOMINEM_PASSKEY_RP_ID = "$(HOMINEM_PASSKEY_RP_ID)";
				INFOPLIST_KEY_LSApplicationCategoryType = "public.app-category.productivity";
				LD_RUNPATH_SEARCH_PATHS = (
					"$(inherited)",
					"@executable_path/../Frameworks",
				);
				MACOSX_DEPLOYMENT_TARGET = 14.0;
				PRODUCT_BUNDLE_IDENTIFIER = io.hominem.apple.mac;
				SDKROOT = macosx;
			};
			name = Release;
		};
		BEE670838517B351EBE132D7 /* Debug */ = {
			isa = XCBuildConfiguration;
			buildSettings = {
				BUNDLE_LOADER = "$(TEST_HOST)";
				COMBINE_HIDPI_IMAGES = YES;
				GENERATE_INFOPLIST_FILE = YES;
				LD_RUNPATH_SEARCH_PATHS = (
					"$(inherited)",
					"@executable_path/Frameworks",
					"@loader_path/Frameworks",
				);
				MACOSX_DEPLOYMENT_TARGET = 14.0;
				PRODUCT_BUNDLE_IDENTIFIER = io.hominem.apple.mac.e2e;
				SDKROOT = macosx;
				TEST_TARGET_NAME = HominemAppleMac;
			};
			name = Debug;
		};
		F4D3C76A73DC04F8858F0267 /* Staging */ = {
			isa = XCBuildConfiguration;
			buildSettings = {
				ASSETCATALOG_COMPILER_APPICON_NAME = AppIcon;
				CODE_SIGN_ENTITLEMENTS = Config/AppleIOS.entitlements;
				CODE_SIGN_IDENTITY = "iPhone Developer";
				GENERATE_INFOPLIST_FILE = YES;
				INFOPLIST_KEY_CFBundleDisplayName = "Hominem Apple Staging";
				INFOPLIST_KEY_HOMINEM_API_BASE_URL = "$(HOMINEM_API_BASE_URL)";
				INFOPLIST_KEY_HOMINEM_APP_ENV = "$(HOMINEM_APP_ENV)";
				INFOPLIST_KEY_HOMINEM_ASSOCIATED_DOMAIN = "$(HOMINEM_ASSOCIATED_DOMAIN)";
				INFOPLIST_KEY_HOMINEM_ENABLE_AUTH_TEST_HOOK = "$(HOMINEM_ENABLE_AUTH_TEST_HOOK)";
				INFOPLIST_KEY_HOMINEM_PASSKEY_RP_ID = "$(HOMINEM_PASSKEY_RP_ID)";
				INFOPLIST_KEY_LSApplicationCategoryType = "public.app-category.productivity";
				IPHONEOS_DEPLOYMENT_TARGET = 17.0;
				LD_RUNPATH_SEARCH_PATHS = (
					"$(inherited)",
					"@executable_path/Frameworks",
				);
				PRODUCT_BUNDLE_IDENTIFIER = io.hominem.apple.ios.staging;
				SDKROOT = iphoneos;
				TARGETED_DEVICE_FAMILY = "1,2";
			};
			name = Staging;
		};
		F8F29423B6BA8450B1DB7321 /* Debug */ = {
			isa = XCBuildConfiguration;
			baseConfigurationReference = 071DF89423EC545B07222C2E /* Debug.xcconfig */;
			buildSettings = {
				ALWAYS_SEARCH_USER_PATHS = NO;
				CLANG_ANALYZER_NONNULL = YES;
				CLANG_ANALYZER_NUMBER_OBJECT_CONVERSION = YES_AGGRESSIVE;
				CLANG_CXX_LANGUAGE_STANDARD = "gnu++14";
				CLANG_CXX_LIBRARY = "libc++";
				CLANG_ENABLE_MODULES = YES;
				CLANG_ENABLE_OBJC_ARC = YES;
				CLANG_ENABLE_OBJC_WEAK = YES;
				CLANG_WARN_BLOCK_CAPTURE_AUTORELEASING = YES;
				CLANG_WARN_BOOL_CONVERSION = YES;
				CLANG_WARN_COMMA = YES;
				CLANG_WARN_CONSTANT_CONVERSION = YES;
				CLANG_WARN_DEPRECATED_OBJC_IMPLEMENTATIONS = YES;
				CLANG_WARN_DIRECT_OBJC_ISA_USAGE = YES_ERROR;
				CLANG_WARN_DOCUMENTATION_COMMENTS = YES;
				CLANG_WARN_EMPTY_BODY = YES;
				CLANG_WARN_ENUM_CONVERSION = YES;
				CLANG_WARN_INFINITE_RECURSION = YES;
				CLANG_WARN_INT_CONVERSION = YES;
				CLANG_WARN_NON_LITERAL_NULL_CONVERSION = YES;
				CLANG_WARN_OBJC_IMPLICIT_RETAIN_SELF = YES;
				CLANG_WARN_OBJC_LITERAL_CONVERSION = YES;
				CLANG_WARN_OBJC_ROOT_CLASS = YES_ERROR;
				CLANG_WARN_QUOTED_INCLUDE_IN_FRAMEWORK_HEADER = YES;
				CLANG_WARN_RANGE_LOOP_ANALYSIS = YES;
				CLANG_WARN_STRICT_PROTOTYPES = YES;
				CLANG_WARN_SUSPICIOUS_MOVE = YES;
				CLANG_WARN_UNGUARDED_AVAILABILITY = YES_AGGRESSIVE;
				CLANG_WARN_UNREACHABLE_CODE = YES;
				CLANG_WARN__DUPLICATE_METHOD_MATCH = YES;
				COPY_PHASE_STRIP = NO;
				CURRENT_PROJECT_VERSION = 1;
				DEBUG_INFORMATION_FORMAT = dwarf;
				ENABLE_STRICT_OBJC_MSGSEND = YES;
				ENABLE_TESTABILITY = YES;
				GCC_C_LANGUAGE_STANDARD = gnu11;
				GCC_DYNAMIC_NO_PIC = NO;
				GCC_NO_COMMON_BLOCKS = YES;
				GCC_OPTIMIZATION_LEVEL = 0;
				GCC_PREPROCESSOR_DEFINITIONS = (
					"$(inherited)",
					"DEBUG=1",
				);
				GCC_WARN_64_TO_32_BIT_CONVERSION = YES;
				GCC_WARN_ABOUT_RETURN_TYPE = YES_ERROR;
				GCC_WARN_UNDECLARED_SELECTOR = YES;
				GCC_WARN_UNINITIALIZED_AUTOS = YES_AGGRESSIVE;
				GCC_WARN_UNUSED_FUNCTION = YES;
				GCC_WARN_UNUSED_VARIABLE = YES;
				IPHONEOS_DEPLOYMENT_TARGET = 17.0;
				MACOSX_DEPLOYMENT_TARGET = 14.0;
				MARKETING_VERSION = 0.1.0;
				MTL_ENABLE_DEBUG_INFO = INCLUDE_SOURCE;
				MTL_FAST_MATH = YES;
				ONLY_ACTIVE_ARCH = YES;
				PRODUCT_NAME = "$(TARGET_NAME)";
				SWIFT_ACTIVE_COMPILATION_CONDITIONS = DEBUG;
				SWIFT_OPTIMIZATION_LEVEL = "-Onone";
				SWIFT_VERSION = 6.0;
			};
			name = Debug;
		};
/* End XCBuildConfiguration section */

/* Begin XCConfigurationList section */
		3AABCA9D570D612D06C5954F /* Build configuration list for PBXNativeTarget "HominemAppleMacE2E" */ = {
			isa = XCConfigurationList;
			buildConfigurations = (
				BEE670838517B351EBE132D7 /* Debug */,
				015AF835212A8AAD9D348E61 /* Release */,
				0884C68B12342C37411905A0 /* Staging */,
			);
			defaultConfigurationIsVisible = 0;
			defaultConfigurationName = Debug;
		};
		6832A515E444943C8ED12A48 /* Build configuration list for PBXProject "HominemApple" */ = {
			isa = XCConfigurationList;
			buildConfigurations = (
				F8F29423B6BA8450B1DB7321 /* Debug */,
				04E070D6C3D9DF934802FA6D /* Release */,
				65EAD0AC3A7F6896B1BC16F2 /* Staging */,
			);
			defaultConfigurationIsVisible = 0;
			defaultConfigurationName = Debug;
		};
		9A1D5037880883858EE8D962 /* Build configuration list for PBXNativeTarget "HominemAppleiOSTests" */ = {
			isa = XCConfigurationList;
			buildConfigurations = (
				113CD9820F7F79C653970A51 /* Debug */,
				5CAAC531A0203939A6DA3AE0 /* Release */,
				9F1108EF1658EE5423D4E476 /* Staging */,
			);
			defaultConfigurationIsVisible = 0;
			defaultConfigurationName = Debug;
		};
		C3CEE1E7A78CF48F43A1551F /* Build configuration list for PBXNativeTarget "HominemAppleMac" */ = {
			isa = XCConfigurationList;
			buildConfigurations = (
				458B090D94C439A1E236B889 /* Debug */,
				AD12572520EAFDF0953E3168 /* Release */,
				8EBE0D00F4B8B8A69F152C89 /* Staging */,
			);
			defaultConfigurationIsVisible = 0;
			defaultConfigurationName = Debug;
		};
		CC43CA903FDFF952D1526369 /* Build configuration list for PBXNativeTarget "HominemAppleiOS" */ = {
			isa = XCConfigurationList;
			buildConfigurations = (
				1F261B5A279E29B2BA621534 /* Debug */,
				50EAC36DA7E6439EB7A342CC /* Release */,
				F4D3C76A73DC04F8858F0267 /* Staging */,
			);
			defaultConfigurationIsVisible = 0;
			defaultConfigurationName = Debug;
		};
		EF2767792E25B47E563BF441 /* Build configuration list for PBXNativeTarget "HominemAppleMacCoreTests" */ = {
			isa = XCConfigurationList;
			buildConfigurations = (
				884D84991FF77CAD48DC1F03 /* Debug */,
				302093F05D51F415A30BF147 /* Release */,
				71AE6BB9EE253FABACC0A0FF /* Staging */,
			);
			defaultConfigurationIsVisible = 0;
			defaultConfigurationName = Debug;
		};
/* End XCConfigurationList section */

/* Begin XCLocalSwiftPackageReference section */
		0B3909EEC92A78CE82A67ACB /* XCLocalSwiftPackageReference "." */ = {
			isa = XCLocalSwiftPackageReference;
			relativePath = .;
		};
/* End XCLocalSwiftPackageReference section */

/* Begin XCSwiftPackageProductDependency section */
		07ED507F75D74A51FD0936E7 /* HominemAppleCore */ = {
			isa = XCSwiftPackageProductDependency;
			productName = HominemAppleCore;
		};
		6705C1A4B0F54E83E1E4DC3A /* HominemAppleCore */ = {
			isa = XCSwiftPackageProductDependency;
			productName = HominemAppleCore;
		};
		7216511F709B1B26AF96518A /* HominemAppleCore */ = {
			isa = XCSwiftPackageProductDependency;
			productName = HominemAppleCore;
		};
		C7485347EA714CEE4DE46E57 /* HominemAppleCore */ = {
			isa = XCSwiftPackageProductDependency;
			productName = HominemAppleCore;
		};
/* End XCSwiftPackageProductDependency section */
	};
	rootObject = F2A5BD670A81B83764FF350B /* Project object */;
}
