// !$*UTF8*$!
{
	archiveVersion = 1;
	classes = {
	};
	objectVersion = 77;
	objects = {

/* Begin PBXBuildFile section */
		11A30E08DA5EADDA1DA3A09F /* AuthLayout.swift in Sources */ = {isa = PBXBuildFile; fileRef = 704A68CEA2361E7ACFA3722D /* AuthLayout.swift */; };
		150C7158A25E7F349FAA0C61 /* AuthFlowTests.swift in Sources */ = {isa = PBXBuildFile; fileRef = E683D253621F84FD4361F629 /* AuthFlowTests.swift */; };
		19BE94F75B147E23A64E0F9B /* Motion.swift in Sources */ = {isa = PBXBuildFile; fileRef = F4E54A74A6F78B726A39AFC5 /* Motion.swift */; };
		1E7B37D52EEB0C4D23B7075F /* PasskeyManagementService.swift in Sources */ = {isa = PBXBuildFile; fileRef = E9D0EF25CEF07B35E685A764 /* PasskeyManagementService.swift */; };
		1E800EB56BC700B8D4830A1A /* HakumiUITestCase.swift in Sources */ = {isa = PBXBuildFile; fileRef = 0567849012F0E67B9D3ED620 /* HakumiUITestCase.swift */; };
		2F1940100FB2D268B79C78CF /* SharedComposerCard.swift in Sources */ = {isa = PBXBuildFile; fileRef = DB9259629D12BE54930DF5D1 /* SharedComposerCard.swift */; };
		2FC0FE6A0F7C4A6EFA6E783C /* Spacing.swift in Sources */ = {isa = PBXBuildFile; fileRef = 9ABF0C1CD998C76FF1C7D1CE /* Spacing.swift */; };
		3097CEC22E6BABBA2E25B16F /* App.swift in Sources */ = {isa = PBXBuildFile; fileRef = A74FDD51EE304DD0DD3F8C17 /* App.swift */; };
		33063986C77EFDA174526966 /* BootService.swift in Sources */ = {isa = PBXBuildFile; fileRef = DC60985B9634709A84E86359 /* BootService.swift */; };
		361768B082CF857EC90DE704 /* E2ECredentials.swift in Sources */ = {isa = PBXBuildFile; fileRef = 46194FFCFC897D8DD40FEA81 /* E2ECredentials.swift */; };
		364DA861BB6B4CCE14C38A8B /* ChatScreen.swift in Sources */ = {isa = PBXBuildFile; fileRef = B79E294AFC72A0FEBD2FCD5A /* ChatScreen.swift */; };
		37FCFF4EFA557B8BD0DF07E5 /* SessionStore.swift in Sources */ = {isa = PBXBuildFile; fileRef = 6658E7CF397336054780F1C3 /* SessionStore.swift */; };
		3B996594E40012E0C67F10DE /* LaunchScreen.storyboard in Resources */ = {isa = PBXBuildFile; fileRef = E513B9E8AB6A4274FDCBC420 /* LaunchScreen.storyboard */; };
		45388E71292C6838C4A48A09 /* Colors.swift in Sources */ = {isa = PBXBuildFile; fileRef = BB1182FC3A3F047F3A2A78F7 /* Colors.swift */; };
		48620D931363AE9778DA0E58 /* AppTextField.swift in Sources */ = {isa = PBXBuildFile; fileRef = D52E22B46FC714F29F3AA7FB /* AppTextField.swift */; };
		4DFE84DF09BF48C2B0AAC5AD /* Observability.swift in Sources */ = {isa = PBXBuildFile; fileRef = 939D65C199A78576B30B2DA6 /* Observability.swift */; };
		50F6E11A581CAF1F2514D81E /* ScreenCaptureService.swift in Sources */ = {isa = PBXBuildFile; fileRef = EE7F95B4AF03FB47D85B11B5 /* ScreenCaptureService.swift */; };
		617607881AD8F8D6F04A0B6A /* PasskeyService.swift in Sources */ = {isa = PBXBuildFile; fileRef = BEEF2D306CF81D2A4C609331 /* PasskeyService.swift */; };
		6A7E7E6F0DC14F3D28E283ED /* AppRoute.swift in Sources */ = {isa = PBXBuildFile; fileRef = 1B728A2B86481C0A583F79DA /* AppRoute.swift */; };
		6C03975D28EE3800AC5D22DF /* NoteDetailScreen.swift in Sources */ = {isa = PBXBuildFile; fileRef = A01F8C3A005338DED4297AD0 /* NoteDetailScreen.swift */; };
		773D89DDDF89078F0C066D1B /* NoteFlowTests.swift in Sources */ = {isa = PBXBuildFile; fileRef = 503FBE17CF4F39A33A9FC15D /* NoteFlowTests.swift */; };
		7CB7331C41EC1C075C6A568F /* VoiceRecordingService.swift in Sources */ = {isa = PBXBuildFile; fileRef = FE13D339E8DD9ECDCC257D4F /* VoiceRecordingService.swift */; };
		7D0BA0EE637E944DCDF25491 /* URLRequest+API.swift in Sources */ = {isa = PBXBuildFile; fileRef = 1BDE140A391905FC329A0083 /* URLRequest+API.swift */; };
		7D7CFEE9F0F3E10C6662F6AC /* AuthService.swift in Sources */ = {isa = PBXBuildFile; fileRef = 827FC87A38707FF852E07D86 /* AuthService.swift */; };
		80CF09956798D023F701CB95 /* NoteService.swift in Sources */ = {isa = PBXBuildFile; fileRef = 9973C95D653C185F00F905E0 /* NoteService.swift */; };
		89BA49BC6E0BD5280F592A12 /* Card.swift in Sources */ = {isa = PBXBuildFile; fileRef = 85A539DCBD295613EC535FC1 /* Card.swift */; };
		8EB42382144EEFB7EAB03154 /* ComposerState.swift in Sources */ = {isa = PBXBuildFile; fileRef = 260C0918630A5C3E9DFA2AF4 /* ComposerState.swift */; };
		9314D12B608D831AB135F4FA /* NoteScreens.swift in Sources */ = {isa = PBXBuildFile; fileRef = 7942881C816C1BEB85E208EF /* NoteScreens.swift */; };
		99624A97F03FE7FFD317BFFA /* StartupMetrics.swift in Sources */ = {isa = PBXBuildFile; fileRef = F8BBADFA2FE116306A786ECC /* StartupMetrics.swift */; };
		9ADD145CA737A74603666D6D /* SettingsScreen.swift in Sources */ = {isa = PBXBuildFile; fileRef = C425255B931817B289B78BF7 /* SettingsScreen.swift */; };
		9F254714CD775A2403AC7177 /* VerifyOTPView.swift in Sources */ = {isa = PBXBuildFile; fileRef = C5F191582E394E2A32CC0E77 /* VerifyOTPView.swift */; };
		AB58307D21963153E39743A5 /* InboxScreen.swift in Sources */ = {isa = PBXBuildFile; fileRef = 6408ED599DFCADECAFC2261B /* InboxScreen.swift */; };
		B0A6FE18BBDA7EE4C409CC21 /* QueryStore.swift in Sources */ = {isa = PBXBuildFile; fileRef = 71FE5C16C7FD014DC7150417 /* QueryStore.swift */; };
		B1332FC048367ED873509DB8 /* Assets.xcassets in Resources */ = {isa = PBXBuildFile; fileRef = 9413829AD7164A7B644AA1B1 /* Assets.xcassets */; };
		B2D4A36AA7B75FC1E5A9E11D /* RootView.swift in Sources */ = {isa = PBXBuildFile; fileRef = 31B306CD1BC5C74D74A72B85 /* RootView.swift */; };
		B94851F89A62BEDE8F636945 /* AuthProvider.swift in Sources */ = {isa = PBXBuildFile; fileRef = 7796A9F8181169DACF43ECAD /* AuthProvider.swift */; };
		B9DE093A7CC573CA3D7228B8 /* AuthCopy.swift in Sources */ = {isa = PBXBuildFile; fileRef = 6258773FDDD249E265AA6D9C /* AuthCopy.swift */; };
		BB1621958123103D223DD3C3 /* NotesScreen.swift in Sources */ = {isa = PBXBuildFile; fileRef = 78855E15AADFF8875B8C4804 /* NotesScreen.swift */; };
		BDCC7A826C6C03D838DD16C1 /* InboxService.swift in Sources */ = {isa = PBXBuildFile; fileRef = AA14A9F44D39A6AA20DE606D /* InboxService.swift */; };
		BDE149B4C59A5A7DE0DCD8CB /* OnboardingScreen.swift in Sources */ = {isa = PBXBuildFile; fileRef = CCE7BD3FA699BEEFC82317EC /* OnboardingScreen.swift */; };
		BF6BEE6D115A49BB87280D96 /* AppStores.swift in Sources */ = {isa = PBXBuildFile; fileRef = 7051450855F0CC5E0E6D9456 /* AppStores.swift */; };
		C17A1F56760EF2D4F3CD3E1D /* Shadows.swift in Sources */ = {isa = PBXBuildFile; fileRef = 94C35175AC56AFF721E6E7AE /* Shadows.swift */; };
		C696AA14F666CC37D50FF083 /* AppLockStore.swift in Sources */ = {isa = PBXBuildFile; fileRef = 84472F6DFD77A3FF51920436 /* AppLockStore.swift */; };
		C7511D0231B7F2AD012981B4 /* ComposerAndQueryTests.swift in Sources */ = {isa = PBXBuildFile; fileRef = AA01D0376EF73300784403D9 /* ComposerAndQueryTests.swift */; };
		CBC66ECBE87D19CC7A4B9200 /* Typography.swift in Sources */ = {isa = PBXBuildFile; fileRef = 09EC5E1A0D2AA861E4C7BB01 /* Typography.swift */; };
		CDC52D6407794E5E83BD834A /* Router.swift in Sources */ = {isa = PBXBuildFile; fileRef = 82DE3DBF6E3BA8D3BBC25995 /* Router.swift */; };
		D0362EC8A52D18CF136E6797 /* AppLock.swift in Sources */ = {isa = PBXBuildFile; fileRef = 7763DA1CCD660C6BCD8B2DFC /* AppLock.swift */; };
		D1AA2AF8697616644D8C8E1E /* ArchivedChatsScreen.swift in Sources */ = {isa = PBXBuildFile; fileRef = 3783F0BC1D2987D5CEF0B35B /* ArchivedChatsScreen.swift */; };
		D247841203402954838DD63F /* Date+ISO8601.swift in Sources */ = {isa = PBXBuildFile; fileRef = 112BB33772731C94121F4E2E /* Date+ISO8601.swift */; };
		D3B50D846006BB870BFFF526 /* FileUploadService.swift in Sources */ = {isa = PBXBuildFile; fileRef = F6F1986BBB0CE825AB1FD576 /* FileUploadService.swift */; };
		D4FCC222A1DFF396C54C225C /* TopAnchorSignal.swift in Sources */ = {isa = PBXBuildFile; fileRef = FD00E93CC93BE48985D54642 /* TopAnchorSignal.swift */; };
		D51205FBA2EDC5D7F693225B /* Radii.swift in Sources */ = {isa = PBXBuildFile; fileRef = 5232506D2175373D919F9355 /* Radii.swift */; };
		D553F31C1D49E27226A411E8 /* AuthSignInView.swift in Sources */ = {isa = PBXBuildFile; fileRef = D1EF93B1DAE940243657F6D8 /* AuthSignInView.swift */; };
		E3F0C63FBFBCFA4A827DD16E /* PlaceholderScreen.swift in Sources */ = {isa = PBXBuildFile; fileRef = CE0991C0CB74F44B48B25307 /* PlaceholderScreen.swift */; };
		E52EDAC1308C338826458AC1 /* AuthScreens.swift in Sources */ = {isa = PBXBuildFile; fileRef = A5301C5E5BCF7503F5C015D5 /* AuthScreens.swift */; };
		E80E9E4495A22FC31C469DFD /* AppButton.swift in Sources */ = {isa = PBXBuildFile; fileRef = 8B0266237A3C663694313562 /* AppButton.swift */; };
		ED016166E4FE85D0176496A6 /* DeepLinkParser.swift in Sources */ = {isa = PBXBuildFile; fileRef = D3E1F98FF860E019D9E3D2CC /* DeepLinkParser.swift */; };
		EF7619B0D10CDF44197E4018 /* ScreenStateOverlay.swift in Sources */ = {isa = PBXBuildFile; fileRef = 841D139198B89FB74B94D640 /* ScreenStateOverlay.swift */; };
		EF984FF70AF1F75DE6ACFD18 /* HakumiTests.swift in Sources */ = {isa = PBXBuildFile; fileRef = 2B5B845A1CB94EC386C1238A /* HakumiTests.swift */; };
		F2353529C2C6618108E667E0 /* ContentView.swift in Sources */ = {isa = PBXBuildFile; fileRef = 1E7E16B08EC4896F695483A0 /* ContentView.swift */; };
		F53222D96A61BBB92A20CAA5 /* WaveformView.swift in Sources */ = {isa = PBXBuildFile; fileRef = 59C67A0FFDEACF1FA61F9DC8 /* WaveformView.swift */; };
		F894D0229DB0389BF4508BB6 /* ChatService.swift in Sources */ = {isa = PBXBuildFile; fileRef = 1DD4BB7F0F4EBE09FF0A5E89 /* ChatService.swift */; };
/* End PBXBuildFile section */

/* Begin PBXContainerItemProxy section */
		2F0900B9EB187B528CB8185E /* PBXContainerItemProxy */ = {
			isa = PBXContainerItemProxy;
			containerPortal = 5D80B821DF7243A689422828 /* Project object */;
			proxyType = 1;
			remoteGlobalIDString = 9C1B352B1AF0BA2E9B88CB5F;
			remoteInfo = Hakumi;
		};
		C200404ECAAD212C3EA99241 /* PBXContainerItemProxy */ = {
			isa = PBXContainerItemProxy;
			containerPortal = 5D80B821DF7243A689422828 /* Project object */;
			proxyType = 1;
			remoteGlobalIDString = 9C1B352B1AF0BA2E9B88CB5F;
			remoteInfo = Hakumi;
		};
/* End PBXContainerItemProxy section */

/* Begin PBXFileReference section */
		0567849012F0E67B9D3ED620 /* HakumiUITestCase.swift */ = {isa = PBXFileReference; lastKnownFileType = sourcecode.swift; path = HakumiUITestCase.swift; sourceTree = "<group>"; };
		09ABCC99720952992F4B4EBB /* Hakumi.app */ = {isa = PBXFileReference; includeInIndex = 0; lastKnownFileType = wrapper.application; path = Hakumi.app; sourceTree = BUILT_PRODUCTS_DIR; };
		09EC5E1A0D2AA861E4C7BB01 /* Typography.swift */ = {isa = PBXFileReference; lastKnownFileType = sourcecode.swift; path = Typography.swift; sourceTree = "<group>"; };
		112BB33772731C94121F4E2E /* Date+ISO8601.swift */ = {isa = PBXFileReference; lastKnownFileType = sourcecode.swift; path = "Date+ISO8601.swift"; sourceTree = "<group>"; };
		1B728A2B86481C0A583F79DA /* AppRoute.swift */ = {isa = PBXFileReference; lastKnownFileType = sourcecode.swift; path = AppRoute.swift; sourceTree = "<group>"; };
		1BDE140A391905FC329A0083 /* URLRequest+API.swift */ = {isa = PBXFileReference; lastKnownFileType = sourcecode.swift; path = "URLRequest+API.swift"; sourceTree = "<group>"; };
		1DD4BB7F0F4EBE09FF0A5E89 /* ChatService.swift */ = {isa = PBXFileReference; lastKnownFileType = sourcecode.swift; path = ChatService.swift; sourceTree = "<group>"; };
		1E7E16B08EC4896F695483A0 /* ContentView.swift */ = {isa = PBXFileReference; lastKnownFileType = sourcecode.swift; path = ContentView.swift; sourceTree = "<group>"; };
		260C0918630A5C3E9DFA2AF4 /* ComposerState.swift */ = {isa = PBXFileReference; lastKnownFileType = sourcecode.swift; path = ComposerState.swift; sourceTree = "<group>"; };
		2629C378201451F367766225 /* Hakumi.entitlements */ = {isa = PBXFileReference; lastKnownFileType = text.plist.entitlements; path = Hakumi.entitlements; sourceTree = "<group>"; };
		2B5B845A1CB94EC386C1238A /* HakumiTests.swift */ = {isa = PBXFileReference; lastKnownFileType = sourcecode.swift; path = HakumiTests.swift; sourceTree = "<group>"; };
		2E21B65BD8211045823C905B /* HakumiTests.xctest */ = {isa = PBXFileReference; includeInIndex = 0; lastKnownFileType = wrapper.cfbundle; path = HakumiTests.xctest; sourceTree = BUILT_PRODUCTS_DIR; };
		31B306CD1BC5C74D74A72B85 /* RootView.swift */ = {isa = PBXFileReference; lastKnownFileType = sourcecode.swift; path = RootView.swift; sourceTree = "<group>"; };
		3783F0BC1D2987D5CEF0B35B /* ArchivedChatsScreen.swift */ = {isa = PBXFileReference; lastKnownFileType = sourcecode.swift; path = ArchivedChatsScreen.swift; sourceTree = "<group>"; };
		46194FFCFC897D8DD40FEA81 /* E2ECredentials.swift */ = {isa = PBXFileReference; lastKnownFileType = sourcecode.swift; path = E2ECredentials.swift; sourceTree = "<group>"; };
		503FBE17CF4F39A33A9FC15D /* NoteFlowTests.swift */ = {isa = PBXFileReference; lastKnownFileType = sourcecode.swift; path = NoteFlowTests.swift; sourceTree = "<group>"; };
		5232506D2175373D919F9355 /* Radii.swift */ = {isa = PBXFileReference; lastKnownFileType = sourcecode.swift; path = Radii.swift; sourceTree = "<group>"; };
		59C67A0FFDEACF1FA61F9DC8 /* WaveformView.swift */ = {isa = PBXFileReference; lastKnownFileType = sourcecode.swift; path = WaveformView.swift; sourceTree = "<group>"; };
		6258773FDDD249E265AA6D9C /* AuthCopy.swift */ = {isa = PBXFileReference; lastKnownFileType = sourcecode.swift; path = AuthCopy.swift; sourceTree = "<group>"; };
		6408ED599DFCADECAFC2261B /* InboxScreen.swift */ = {isa = PBXFileReference; lastKnownFileType = sourcecode.swift; path = InboxScreen.swift; sourceTree = "<group>"; };
		6658E7CF397336054780F1C3 /* SessionStore.swift */ = {isa = PBXFileReference; lastKnownFileType = sourcecode.swift; path = SessionStore.swift; sourceTree = "<group>"; };
		704A68CEA2361E7ACFA3722D /* AuthLayout.swift */ = {isa = PBXFileReference; lastKnownFileType = sourcecode.swift; path = AuthLayout.swift; sourceTree = "<group>"; };
		7051450855F0CC5E0E6D9456 /* AppStores.swift */ = {isa = PBXFileReference; lastKnownFileType = sourcecode.swift; path = AppStores.swift; sourceTree = "<group>"; };
		71FE5C16C7FD014DC7150417 /* QueryStore.swift */ = {isa = PBXFileReference; lastKnownFileType = sourcecode.swift; path = QueryStore.swift; sourceTree = "<group>"; };
		7763DA1CCD660C6BCD8B2DFC /* AppLock.swift */ = {isa = PBXFileReference; lastKnownFileType = sourcecode.swift; path = AppLock.swift; sourceTree = "<group>"; };
		7796A9F8181169DACF43ECAD /* AuthProvider.swift */ = {isa = PBXFileReference; lastKnownFileType = sourcecode.swift; path = AuthProvider.swift; sourceTree = "<group>"; };
		78855E15AADFF8875B8C4804 /* NotesScreen.swift */ = {isa = PBXFileReference; lastKnownFileType = sourcecode.swift; path = NotesScreen.swift; sourceTree = "<group>"; };
		7942881C816C1BEB85E208EF /* NoteScreens.swift */ = {isa = PBXFileReference; lastKnownFileType = sourcecode.swift; path = NoteScreens.swift; sourceTree = "<group>"; };
		827FC87A38707FF852E07D86 /* AuthService.swift */ = {isa = PBXFileReference; lastKnownFileType = sourcecode.swift; path = AuthService.swift; sourceTree = "<group>"; };
		82DE3DBF6E3BA8D3BBC25995 /* Router.swift */ = {isa = PBXFileReference; lastKnownFileType = sourcecode.swift; path = Router.swift; sourceTree = "<group>"; };
		841D139198B89FB74B94D640 /* ScreenStateOverlay.swift */ = {isa = PBXFileReference; lastKnownFileType = sourcecode.swift; path = ScreenStateOverlay.swift; sourceTree = "<group>"; };
		84472F6DFD77A3FF51920436 /* AppLockStore.swift */ = {isa = PBXFileReference; lastKnownFileType = sourcecode.swift; path = AppLockStore.swift; sourceTree = "<group>"; };
		85A539DCBD295613EC535FC1 /* Card.swift */ = {isa = PBXFileReference; lastKnownFileType = sourcecode.swift; path = Card.swift; sourceTree = "<group>"; };
		89A2BE45448FA22399954263 /* Info.plist */ = {isa = PBXFileReference; lastKnownFileType = text.plist; path = Info.plist; sourceTree = "<group>"; };
		8B0266237A3C663694313562 /* AppButton.swift */ = {isa = PBXFileReference; lastKnownFileType = sourcecode.swift; path = AppButton.swift; sourceTree = "<group>"; };
		939D65C199A78576B30B2DA6 /* Observability.swift */ = {isa = PBXFileReference; lastKnownFileType = sourcecode.swift; path = Observability.swift; sourceTree = "<group>"; };
		9413829AD7164A7B644AA1B1 /* Assets.xcassets */ = {isa = PBXFileReference; lastKnownFileType = folder.assetcatalog; path = Assets.xcassets; sourceTree = "<group>"; };
		94C35175AC56AFF721E6E7AE /* Shadows.swift */ = {isa = PBXFileReference; lastKnownFileType = sourcecode.swift; path = Shadows.swift; sourceTree = "<group>"; };
		9973C95D653C185F00F905E0 /* NoteService.swift */ = {isa = PBXFileReference; lastKnownFileType = sourcecode.swift; path = NoteService.swift; sourceTree = "<group>"; };
		9ABF0C1CD998C76FF1C7D1CE /* Spacing.swift */ = {isa = PBXFileReference; lastKnownFileType = sourcecode.swift; path = Spacing.swift; sourceTree = "<group>"; };
		A01F8C3A005338DED4297AD0 /* NoteDetailScreen.swift */ = {isa = PBXFileReference; lastKnownFileType = sourcecode.swift; path = NoteDetailScreen.swift; sourceTree = "<group>"; };
		A5301C5E5BCF7503F5C015D5 /* AuthScreens.swift */ = {isa = PBXFileReference; lastKnownFileType = sourcecode.swift; path = AuthScreens.swift; sourceTree = "<group>"; };
		A74FDD51EE304DD0DD3F8C17 /* App.swift */ = {isa = PBXFileReference; lastKnownFileType = sourcecode.swift; path = App.swift; sourceTree = "<group>"; };
		AA01D0376EF73300784403D9 /* ComposerAndQueryTests.swift */ = {isa = PBXFileReference; lastKnownFileType = sourcecode.swift; path = ComposerAndQueryTests.swift; sourceTree = "<group>"; };
		AA14A9F44D39A6AA20DE606D /* InboxService.swift */ = {isa = PBXFileReference; lastKnownFileType = sourcecode.swift; path = InboxService.swift; sourceTree = "<group>"; };
		B79E294AFC72A0FEBD2FCD5A /* ChatScreen.swift */ = {isa = PBXFileReference; lastKnownFileType = sourcecode.swift; path = ChatScreen.swift; sourceTree = "<group>"; };
		BB1182FC3A3F047F3A2A78F7 /* Colors.swift */ = {isa = PBXFileReference; lastKnownFileType = sourcecode.swift; path = Colors.swift; sourceTree = "<group>"; };
		BEEF2D306CF81D2A4C609331 /* PasskeyService.swift */ = {isa = PBXFileReference; lastKnownFileType = sourcecode.swift; path = PasskeyService.swift; sourceTree = "<group>"; };
		C154C6C9B6CAD2E4B9CB2653 /* HakumiUITests.xctest */ = {isa = PBXFileReference; includeInIndex = 0; lastKnownFileType = wrapper.cfbundle; path = HakumiUITests.xctest; sourceTree = BUILT_PRODUCTS_DIR; };
		C425255B931817B289B78BF7 /* SettingsScreen.swift */ = {isa = PBXFileReference; lastKnownFileType = sourcecode.swift; path = SettingsScreen.swift; sourceTree = "<group>"; };
		C5F191582E394E2A32CC0E77 /* VerifyOTPView.swift */ = {isa = PBXFileReference; lastKnownFileType = sourcecode.swift; path = VerifyOTPView.swift; sourceTree = "<group>"; };
		CCE7BD3FA699BEEFC82317EC /* OnboardingScreen.swift */ = {isa = PBXFileReference; lastKnownFileType = sourcecode.swift; path = OnboardingScreen.swift; sourceTree = "<group>"; };
		CE0991C0CB74F44B48B25307 /* PlaceholderScreen.swift */ = {isa = PBXFileReference; lastKnownFileType = sourcecode.swift; path = PlaceholderScreen.swift; sourceTree = "<group>"; };
		D1EF93B1DAE940243657F6D8 /* AuthSignInView.swift */ = {isa = PBXFileReference; lastKnownFileType = sourcecode.swift; path = AuthSignInView.swift; sourceTree = "<group>"; };
		D3E1F98FF860E019D9E3D2CC /* DeepLinkParser.swift */ = {isa = PBXFileReference; lastKnownFileType = sourcecode.swift; path = DeepLinkParser.swift; sourceTree = "<group>"; };
		D52E22B46FC714F29F3AA7FB /* AppTextField.swift */ = {isa = PBXFileReference; lastKnownFileType = sourcecode.swift; path = AppTextField.swift; sourceTree = "<group>"; };
		DB9259629D12BE54930DF5D1 /* SharedComposerCard.swift */ = {isa = PBXFileReference; lastKnownFileType = sourcecode.swift; path = SharedComposerCard.swift; sourceTree = "<group>"; };
		DC60985B9634709A84E86359 /* BootService.swift */ = {isa = PBXFileReference; lastKnownFileType = sourcecode.swift; path = BootService.swift; sourceTree = "<group>"; };
		E513B9E8AB6A4274FDCBC420 /* LaunchScreen.storyboard */ = {isa = PBXFileReference; lastKnownFileType = file.storyboard; path = LaunchScreen.storyboard; sourceTree = "<group>"; };
		E683D253621F84FD4361F629 /* AuthFlowTests.swift */ = {isa = PBXFileReference; lastKnownFileType = sourcecode.swift; path = AuthFlowTests.swift; sourceTree = "<group>"; };
		E9D0EF25CEF07B35E685A764 /* PasskeyManagementService.swift */ = {isa = PBXFileReference; lastKnownFileType = sourcecode.swift; path = PasskeyManagementService.swift; sourceTree = "<group>"; };
		EE7F95B4AF03FB47D85B11B5 /* ScreenCaptureService.swift */ = {isa = PBXFileReference; lastKnownFileType = sourcecode.swift; path = ScreenCaptureService.swift; sourceTree = "<group>"; };
		F4E54A74A6F78B726A39AFC5 /* Motion.swift */ = {isa = PBXFileReference; lastKnownFileType = sourcecode.swift; path = Motion.swift; sourceTree = "<group>"; };
		F6F1986BBB0CE825AB1FD576 /* FileUploadService.swift */ = {isa = PBXFileReference; lastKnownFileType = sourcecode.swift; path = FileUploadService.swift; sourceTree = "<group>"; };
		F8BBADFA2FE116306A786ECC /* StartupMetrics.swift */ = {isa = PBXFileReference; lastKnownFileType = sourcecode.swift; path = StartupMetrics.swift; sourceTree = "<group>"; };
		FD00E93CC93BE48985D54642 /* TopAnchorSignal.swift */ = {isa = PBXFileReference; lastKnownFileType = sourcecode.swift; path = TopAnchorSignal.swift; sourceTree = "<group>"; };
		FE13D339E8DD9ECDCC257D4F /* VoiceRecordingService.swift */ = {isa = PBXFileReference; lastKnownFileType = sourcecode.swift; path = VoiceRecordingService.swift; sourceTree = "<group>"; };
/* End PBXFileReference section */

/* Begin PBXGroup section */
		004B49209919352C44F218B1 /* Screens */ = {
			isa = PBXGroup;
			children = (
				CE0991C0CB74F44B48B25307 /* PlaceholderScreen.swift */,
				8BDFD99EB4D6B3BD79EF70BE /* Auth */,
				07A94A91A558979C7527BAB6 /* Chat */,
				3E84736B5647C78916E0CE36 /* Inbox */,
				4F3BF8636A1E8183BD2F7A83 /* Notes */,
				5370C88A12E91024935CDBBD /* Onboarding */,
				87DC40F0DE0823801CDF6BD8 /* Settings */,
			);
			path = Screens;
			sourceTree = "<group>";
		};
		07A94A91A558979C7527BAB6 /* Chat */ = {
			isa = PBXGroup;
			children = (
				B79E294AFC72A0FEBD2FCD5A /* ChatScreen.swift */,
			);
			path = Chat;
			sourceTree = "<group>";
		};
		08C39F4AED07844661001CCB /* Screens */ = {
			isa = PBXGroup;
			children = (
				A5301C5E5BCF7503F5C015D5 /* AuthScreens.swift */,
				7942881C816C1BEB85E208EF /* NoteScreens.swift */,
			);
			path = Screens;
			sourceTree = "<group>";
		};
		22336F56CC90EED7D1272814 /* Notes */ = {
			isa = PBXGroup;
			children = (
				9973C95D653C185F00F905E0 /* NoteService.swift */,
			);
			path = Notes;
			sourceTree = "<group>";
		};
		28F2B89741BD945F7C9A431F /* Files */ = {
			isa = PBXGroup;
			children = (
				F6F1986BBB0CE825AB1FD576 /* FileUploadService.swift */,
			);
			path = Files;
			sourceTree = "<group>";
		};
		2E811601E8073110775ECEC2 /* Auth */ = {
			isa = PBXGroup;
			children = (
				6258773FDDD249E265AA6D9C /* AuthCopy.swift */,
				7796A9F8181169DACF43ECAD /* AuthProvider.swift */,
				827FC87A38707FF852E07D86 /* AuthService.swift */,
				DC60985B9634709A84E86359 /* BootService.swift */,
				BEEF2D306CF81D2A4C609331 /* PasskeyService.swift */,
				6658E7CF397336054780F1C3 /* SessionStore.swift */,
			);
			path = Auth;
			sourceTree = "<group>";
		};
		317762F35947AF5856BED7F2 /* Components */ = {
			isa = PBXGroup;
			children = (
				8B0266237A3C663694313562 /* AppButton.swift */,
				D52E22B46FC714F29F3AA7FB /* AppTextField.swift */,
				85A539DCBD295613EC535FC1 /* Card.swift */,
				DB9259629D12BE54930DF5D1 /* SharedComposerCard.swift */,
				59C67A0FFDEACF1FA61F9DC8 /* WaveformView.swift */,
			);
			path = Components;
			sourceTree = "<group>";
		};
		3235E2B1FCDE25D9E24AB0E3 /* Services */ = {
			isa = PBXGroup;
			children = (
				7763DA1CCD660C6BCD8B2DFC /* AppLock.swift */,
				84472F6DFD77A3FF51920436 /* AppLockStore.swift */,
				2E811601E8073110775ECEC2 /* Auth */,
				CD6DE89B7F390FCEE446780B /* Chat */,
				4657D78156B996C2AA4ADC9A /* Composer */,
				28F2B89741BD945F7C9A431F /* Files */,
				354A5F6DA9F6ED7F2F7EFE99 /* Inbox */,
				22336F56CC90EED7D1272814 /* Notes */,
				F30232D3B2540E4D83E3FDF7 /* Observability */,
				63D7131D1744EBADAEBC1583 /* Query */,
				89FBF72FC744FC9E6E4E9A6C /* Settings */,
				9DDE06E8D95452BDCCBBE802 /* Voice */,
			);
			path = Services;
			sourceTree = "<group>";
		};
		32FF581A331A32E58FAF728A /* DesignSystem */ = {
			isa = PBXGroup;
			children = (
				BB1182FC3A3F047F3A2A78F7 /* Colors.swift */,
				F4E54A74A6F78B726A39AFC5 /* Motion.swift */,
				5232506D2175373D919F9355 /* Radii.swift */,
				94C35175AC56AFF721E6E7AE /* Shadows.swift */,
				9ABF0C1CD998C76FF1C7D1CE /* Spacing.swift */,
				09EC5E1A0D2AA861E4C7BB01 /* Typography.swift */,
				317762F35947AF5856BED7F2 /* Components */,
			);
			path = DesignSystem;
			sourceTree = "<group>";
		};
		354A5F6DA9F6ED7F2F7EFE99 /* Inbox */ = {
			isa = PBXGroup;
			children = (
				AA14A9F44D39A6AA20DE606D /* InboxService.swift */,
				FD00E93CC93BE48985D54642 /* TopAnchorSignal.swift */,
			);
			path = Inbox;
			sourceTree = "<group>";
		};
		3E84736B5647C78916E0CE36 /* Inbox */ = {
			isa = PBXGroup;
			children = (
				6408ED599DFCADECAFC2261B /* InboxScreen.swift */,
			);
			path = Inbox;
			sourceTree = "<group>";
		};
		4657D78156B996C2AA4ADC9A /* Composer */ = {
			isa = PBXGroup;
			children = (
				260C0918630A5C3E9DFA2AF4 /* ComposerState.swift */,
			);
			path = Composer;
			sourceTree = "<group>";
		};
		4F3BF8636A1E8183BD2F7A83 /* Notes */ = {
			isa = PBXGroup;
			children = (
				A01F8C3A005338DED4297AD0 /* NoteDetailScreen.swift */,
				78855E15AADFF8875B8C4804 /* NotesScreen.swift */,
			);
			path = Notes;
			sourceTree = "<group>";
		};
		5370C88A12E91024935CDBBD /* Onboarding */ = {
			isa = PBXGroup;
			children = (
				CCE7BD3FA699BEEFC82317EC /* OnboardingScreen.swift */,
			);
			path = Onboarding;
			sourceTree = "<group>";
		};
		63D7131D1744EBADAEBC1583 /* Query */ = {
			isa = PBXGroup;
			children = (
				7051450855F0CC5E0E6D9456 /* AppStores.swift */,
				71FE5C16C7FD014DC7150417 /* QueryStore.swift */,
			);
			path = Query;
			sourceTree = "<group>";
		};
		6B3E4959B7071D881B3BAFEB /* HakumiUITests */ = {
			isa = PBXGroup;
			children = (
				46194FFCFC897D8DD40FEA81 /* E2ECredentials.swift */,
				0567849012F0E67B9D3ED620 /* HakumiUITestCase.swift */,
				08C39F4AED07844661001CCB /* Screens */,
				8BD505E1A4AAFD05C8A6F8E9 /* Tests */,
			);
			path = HakumiUITests;
			sourceTree = "<group>";
		};
		6ED77E1BDDDD19BCA38283A4 /* HakumiTests */ = {
			isa = PBXGroup;
			children = (
				AA01D0376EF73300784403D9 /* ComposerAndQueryTests.swift */,
				2B5B845A1CB94EC386C1238A /* HakumiTests.swift */,
			);
			path = HakumiTests;
			sourceTree = "<group>";
		};
		87DC40F0DE0823801CDF6BD8 /* Settings */ = {
			isa = PBXGroup;
			children = (
				3783F0BC1D2987D5CEF0B35B /* ArchivedChatsScreen.swift */,
				C425255B931817B289B78BF7 /* SettingsScreen.swift */,
			);
			path = Settings;
			sourceTree = "<group>";
		};
		89FBF72FC744FC9E6E4E9A6C /* Settings */ = {
			isa = PBXGroup;
			children = (
				E9D0EF25CEF07B35E685A764 /* PasskeyManagementService.swift */,
				EE7F95B4AF03FB47D85B11B5 /* ScreenCaptureService.swift */,
			);
			path = Settings;
			sourceTree = "<group>";
		};
		8A748695F53FCEEC17FE0E48 /* Products */ = {
			isa = PBXGroup;
			children = (
				09ABCC99720952992F4B4EBB /* Hakumi.app */,
				2E21B65BD8211045823C905B /* HakumiTests.xctest */,
				C154C6C9B6CAD2E4B9CB2653 /* HakumiUITests.xctest */,
			);
			name = Products;
			sourceTree = "<group>";
		};
		8BD505E1A4AAFD05C8A6F8E9 /* Tests */ = {
			isa = PBXGroup;
			children = (
				E683D253621F84FD4361F629 /* AuthFlowTests.swift */,
				503FBE17CF4F39A33A9FC15D /* NoteFlowTests.swift */,
			);
			path = Tests;
			sourceTree = "<group>";
		};
		8BDFD99EB4D6B3BD79EF70BE /* Auth */ = {
			isa = PBXGroup;
			children = (
				704A68CEA2361E7ACFA3722D /* AuthLayout.swift */,
				D1EF93B1DAE940243657F6D8 /* AuthSignInView.swift */,
				C5F191582E394E2A32CC0E77 /* VerifyOTPView.swift */,
			);
			path = Auth;
			sourceTree = "<group>";
		};
		9DDE06E8D95452BDCCBBE802 /* Voice */ = {
			isa = PBXGroup;
			children = (
				FE13D339E8DD9ECDCC257D4F /* VoiceRecordingService.swift */,
			);
			path = Voice;
			sourceTree = "<group>";
		};
		ACE598E0A1E70BD0D2299145 /* Hakumi */ = {
			isa = PBXGroup;
			children = (
				A74FDD51EE304DD0DD3F8C17 /* App.swift */,
				9413829AD7164A7B644AA1B1 /* Assets.xcassets */,
				1E7E16B08EC4896F695483A0 /* ContentView.swift */,
				2629C378201451F367766225 /* Hakumi.entitlements */,
				89A2BE45448FA22399954263 /* Info.plist */,
				E513B9E8AB6A4274FDCBC420 /* LaunchScreen.storyboard */,
				32FF581A331A32E58FAF728A /* DesignSystem */,
				C46E7F3E3B8FAE02F72A9318 /* Navigation */,
				CC3E993CA6296D51D6C1AF53 /* Networking */,
				004B49209919352C44F218B1 /* Screens */,
				3235E2B1FCDE25D9E24AB0E3 /* Services */,
			);
			path = Hakumi;
			sourceTree = "<group>";
		};
		C325E275551781E785A7CC29 = {
			isa = PBXGroup;
			children = (
				ACE598E0A1E70BD0D2299145 /* Hakumi */,
				6ED77E1BDDDD19BCA38283A4 /* HakumiTests */,
				6B3E4959B7071D881B3BAFEB /* HakumiUITests */,
				8A748695F53FCEEC17FE0E48 /* Products */,
			);
			sourceTree = "<group>";
		};
		C46E7F3E3B8FAE02F72A9318 /* Navigation */ = {
			isa = PBXGroup;
			children = (
				1B728A2B86481C0A583F79DA /* AppRoute.swift */,
				D3E1F98FF860E019D9E3D2CC /* DeepLinkParser.swift */,
				31B306CD1BC5C74D74A72B85 /* RootView.swift */,
				82DE3DBF6E3BA8D3BBC25995 /* Router.swift */,
				841D139198B89FB74B94D640 /* ScreenStateOverlay.swift */,
			);
			path = Navigation;
			sourceTree = "<group>";
		};
		CC3E993CA6296D51D6C1AF53 /* Networking */ = {
			isa = PBXGroup;
			children = (
				112BB33772731C94121F4E2E /* Date+ISO8601.swift */,
				1BDE140A391905FC329A0083 /* URLRequest+API.swift */,
			);
			path = Networking;
			sourceTree = "<group>";
		};
		CD6DE89B7F390FCEE446780B /* Chat */ = {
			isa = PBXGroup;
			children = (
				1DD4BB7F0F4EBE09FF0A5E89 /* ChatService.swift */,
			);
			path = Chat;
			sourceTree = "<group>";
		};
		F30232D3B2540E4D83E3FDF7 /* Observability */ = {
			isa = PBXGroup;
			children = (
				939D65C199A78576B30B2DA6 /* Observability.swift */,
				F8BBADFA2FE116306A786ECC /* StartupMetrics.swift */,
			);
			path = Observability;
			sourceTree = "<group>";
		};
/* End PBXGroup section */

/* Begin PBXNativeTarget section */
		128530F6CD1C6B92DC9495DD /* HakumiTests */ = {
			isa = PBXNativeTarget;
			buildConfigurationList = 25E7B55A11DD739389EA7399 /* Build configuration list for PBXNativeTarget "HakumiTests" */;
			buildPhases = (
				A1096486E5F378212475681C /* Sources */,
			);
			buildRules = (
			);
			dependencies = (
				5759ED94F0CAE569B89D025E /* PBXTargetDependency */,
			);
			name = HakumiTests;
			packageProductDependencies = (
			);
			productName = HakumiTests;
			productReference = 2E21B65BD8211045823C905B /* HakumiTests.xctest */;
			productType = "com.apple.product-type.bundle.unit-test";
		};
		9991DF59ECF618291EFF5B36 /* HakumiUITests */ = {
			isa = PBXNativeTarget;
			buildConfigurationList = 77CA1A8C4A737C926BE2AE11 /* Build configuration list for PBXNativeTarget "HakumiUITests" */;
			buildPhases = (
				E2CC79BA2701FB7528EB5515 /* Sources */,
			);
			buildRules = (
			);
			dependencies = (
				DD1A372F7227E219DE21130D /* PBXTargetDependency */,
			);
			name = HakumiUITests;
			packageProductDependencies = (
			);
			productName = HakumiUITests;
			productReference = C154C6C9B6CAD2E4B9CB2653 /* HakumiUITests.xctest */;
			productType = "com.apple.product-type.bundle.ui-testing";
		};
		9C1B352B1AF0BA2E9B88CB5F /* Hakumi */ = {
			isa = PBXNativeTarget;
			buildConfigurationList = 207A68E8C0747D8195780256 /* Build configuration list for PBXNativeTarget "Hakumi" */;
			buildPhases = (
				B4D5230CBE0D582CAA25A7BD /* Sources */,
				3F39E7368EE4B63F2D29F332 /* Resources */,
			);
			buildRules = (
			);
			dependencies = (
			);
			name = Hakumi;
			packageProductDependencies = (
			);
			productName = Hakumi;
			productReference = 09ABCC99720952992F4B4EBB /* Hakumi.app */;
			productType = "com.apple.product-type.application";
		};
/* End PBXNativeTarget section */

/* Begin PBXProject section */
		5D80B821DF7243A689422828 /* Project object */ = {
			isa = PBXProject;
			attributes = {
				BuildIndependentTargetsInParallel = YES;
				LastUpgradeCheck = 1600;
				TargetAttributes = {
					128530F6CD1C6B92DC9495DD = {
						DevelopmentTeam = 3QHJ2KN8AL;
					};
					9991DF59ECF618291EFF5B36 = {
						DevelopmentTeam = 3QHJ2KN8AL;
						TestTargetID = 9C1B352B1AF0BA2E9B88CB5F;
					};
					9C1B352B1AF0BA2E9B88CB5F = {
						DevelopmentTeam = 3QHJ2KN8AL;
					};
				};
			};
			buildConfigurationList = 9D6363772A5DB00F21FFF879 /* Build configuration list for PBXProject "Hakumi" */;
			developmentRegion = en;
			hasScannedForEncodings = 0;
			knownRegions = (
				Base,
				en,
			);
			mainGroup = C325E275551781E785A7CC29;
			minimizedProjectReferenceProxies = 1;
			preferredProjectObjectVersion = 77;
			productRefGroup = 8A748695F53FCEEC17FE0E48 /* Products */;
			projectDirPath = "";
			projectRoot = "";
			targets = (
				9C1B352B1AF0BA2E9B88CB5F /* Hakumi */,
				128530F6CD1C6B92DC9495DD /* HakumiTests */,
				9991DF59ECF618291EFF5B36 /* HakumiUITests */,
			);
		};
/* End PBXProject section */

/* Begin PBXResourcesBuildPhase section */
		3F39E7368EE4B63F2D29F332 /* Resources */ = {
			isa = PBXResourcesBuildPhase;
			buildActionMask = 2147483647;
			files = (
				B1332FC048367ED873509DB8 /* Assets.xcassets in Resources */,
				3B996594E40012E0C67F10DE /* LaunchScreen.storyboard in Resources */,
			);
			runOnlyForDeploymentPostprocessing = 0;
		};
/* End PBXResourcesBuildPhase section */

/* Begin PBXSourcesBuildPhase section */
		A1096486E5F378212475681C /* Sources */ = {
			isa = PBXSourcesBuildPhase;
			buildActionMask = 2147483647;
			files = (
				C7511D0231B7F2AD012981B4 /* ComposerAndQueryTests.swift in Sources */,
				EF984FF70AF1F75DE6ACFD18 /* HakumiTests.swift in Sources */,
			);
			runOnlyForDeploymentPostprocessing = 0;
		};
		B4D5230CBE0D582CAA25A7BD /* Sources */ = {
			isa = PBXSourcesBuildPhase;
			buildActionMask = 2147483647;
			files = (
				3097CEC22E6BABBA2E25B16F /* App.swift in Sources */,
				E80E9E4495A22FC31C469DFD /* AppButton.swift in Sources */,
				D0362EC8A52D18CF136E6797 /* AppLock.swift in Sources */,
				C696AA14F666CC37D50FF083 /* AppLockStore.swift in Sources */,
				6A7E7E6F0DC14F3D28E283ED /* AppRoute.swift in Sources */,
				BF6BEE6D115A49BB87280D96 /* AppStores.swift in Sources */,
				48620D931363AE9778DA0E58 /* AppTextField.swift in Sources */,
				D1AA2AF8697616644D8C8E1E /* ArchivedChatsScreen.swift in Sources */,
				B9DE093A7CC573CA3D7228B8 /* AuthCopy.swift in Sources */,
				11A30E08DA5EADDA1DA3A09F /* AuthLayout.swift in Sources */,
				B94851F89A62BEDE8F636945 /* AuthProvider.swift in Sources */,
				7D7CFEE9F0F3E10C6662F6AC /* AuthService.swift in Sources */,
				D553F31C1D49E27226A411E8 /* AuthSignInView.swift in Sources */,
				33063986C77EFDA174526966 /* BootService.swift in Sources */,
				89BA49BC6E0BD5280F592A12 /* Card.swift in Sources */,
				364DA861BB6B4CCE14C38A8B /* ChatScreen.swift in Sources */,
				F894D0229DB0389BF4508BB6 /* ChatService.swift in Sources */,
				45388E71292C6838C4A48A09 /* Colors.swift in Sources */,
				8EB42382144EEFB7EAB03154 /* ComposerState.swift in Sources */,
				F2353529C2C6618108E667E0 /* ContentView.swift in Sources */,
				D247841203402954838DD63F /* Date+ISO8601.swift in Sources */,
				ED016166E4FE85D0176496A6 /* DeepLinkParser.swift in Sources */,
				D3B50D846006BB870BFFF526 /* FileUploadService.swift in Sources */,
				AB58307D21963153E39743A5 /* InboxScreen.swift in Sources */,
				BDCC7A826C6C03D838DD16C1 /* InboxService.swift in Sources */,
				19BE94F75B147E23A64E0F9B /* Motion.swift in Sources */,
				6C03975D28EE3800AC5D22DF /* NoteDetailScreen.swift in Sources */,
				80CF09956798D023F701CB95 /* NoteService.swift in Sources */,
				BB1621958123103D223DD3C3 /* NotesScreen.swift in Sources */,
				4DFE84DF09BF48C2B0AAC5AD /* Observability.swift in Sources */,
				BDE149B4C59A5A7DE0DCD8CB /* OnboardingScreen.swift in Sources */,
				1E7B37D52EEB0C4D23B7075F /* PasskeyManagementService.swift in Sources */,
				617607881AD8F8D6F04A0B6A /* PasskeyService.swift in Sources */,
				E3F0C63FBFBCFA4A827DD16E /* PlaceholderScreen.swift in Sources */,
				B0A6FE18BBDA7EE4C409CC21 /* QueryStore.swift in Sources */,
				D51205FBA2EDC5D7F693225B /* Radii.swift in Sources */,
				B2D4A36AA7B75FC1E5A9E11D /* RootView.swift in Sources */,
				CDC52D6407794E5E83BD834A /* Router.swift in Sources */,
				50F6E11A581CAF1F2514D81E /* ScreenCaptureService.swift in Sources */,
				EF7619B0D10CDF44197E4018 /* ScreenStateOverlay.swift in Sources */,
				37FCFF4EFA557B8BD0DF07E5 /* SessionStore.swift in Sources */,
				9ADD145CA737A74603666D6D /* SettingsScreen.swift in Sources */,
				C17A1F56760EF2D4F3CD3E1D /* Shadows.swift in Sources */,
				2F1940100FB2D268B79C78CF /* SharedComposerCard.swift in Sources */,
				2FC0FE6A0F7C4A6EFA6E783C /* Spacing.swift in Sources */,
				99624A97F03FE7FFD317BFFA /* StartupMetrics.swift in Sources */,
				D4FCC222A1DFF396C54C225C /* TopAnchorSignal.swift in Sources */,
				CBC66ECBE87D19CC7A4B9200 /* Typography.swift in Sources */,
				7D0BA0EE637E944DCDF25491 /* URLRequest+API.swift in Sources */,
				9F254714CD775A2403AC7177 /* VerifyOTPView.swift in Sources */,
				7CB7331C41EC1C075C6A568F /* VoiceRecordingService.swift in Sources */,
				F53222D96A61BBB92A20CAA5 /* WaveformView.swift in Sources */,
			);
			runOnlyForDeploymentPostprocessing = 0;
		};
		E2CC79BA2701FB7528EB5515 /* Sources */ = {
			isa = PBXSourcesBuildPhase;
			buildActionMask = 2147483647;
			files = (
				150C7158A25E7F349FAA0C61 /* AuthFlowTests.swift in Sources */,
				E52EDAC1308C338826458AC1 /* AuthScreens.swift in Sources */,
				361768B082CF857EC90DE704 /* E2ECredentials.swift in Sources */,
				1E800EB56BC700B8D4830A1A /* HakumiUITestCase.swift in Sources */,
				773D89DDDF89078F0C066D1B /* NoteFlowTests.swift in Sources */,
				9314D12B608D831AB135F4FA /* NoteScreens.swift in Sources */,
			);
			runOnlyForDeploymentPostprocessing = 0;
		};
/* End PBXSourcesBuildPhase section */

/* Begin PBXTargetDependency section */
		5759ED94F0CAE569B89D025E /* PBXTargetDependency */ = {
			isa = PBXTargetDependency;
			target = 9C1B352B1AF0BA2E9B88CB5F /* Hakumi */;
			targetProxy = C200404ECAAD212C3EA99241 /* PBXContainerItemProxy */;
		};
		DD1A372F7227E219DE21130D /* PBXTargetDependency */ = {
			isa = PBXTargetDependency;
			target = 9C1B352B1AF0BA2E9B88CB5F /* Hakumi */;
			targetProxy = 2F0900B9EB187B528CB8185E /* PBXContainerItemProxy */;
		};
/* End PBXTargetDependency section */

/* Begin XCBuildConfiguration section */
		02A1E7061A57229BBA12C475 /* Debug Dev */ = {
			isa = XCBuildConfiguration;
			buildSettings = {
				ALWAYS_SEARCH_USER_PATHS = NO;
				CLANG_ANALYZER_NONNULL = YES;
				CLANG_ANALYZER_NUMBER_OBJECT_CONVERSION = YES_AGGRESSIVE;
				CLANG_CXX_LANGUAGE_STANDARD = "gnu++14";
				CLANG_CXX_LIBRARY = "libc++";
				CLANG_ENABLE_MODULES = YES;
				CLANG_ENABLE_OBJC_ARC = YES;
				CLANG_ENABLE_OBJC_WEAK = YES;
				CLANG_WARN_BLOCK_CAPTURE_AUTORELEASING = YES;
				CLANG_WARN_BOOL_CONVERSION = YES;
				CLANG_WARN_COMMA = YES;
				CLANG_WARN_CONSTANT_CONVERSION = YES;
				CLANG_WARN_DEPRECATED_OBJC_IMPLEMENTATIONS = YES;
				CLANG_WARN_DIRECT_OBJC_ISA_USAGE = YES_ERROR;
				CLANG_WARN_DOCUMENTATION_COMMENTS = YES;
				CLANG_WARN_EMPTY_BODY = YES;
				CLANG_WARN_ENUM_CONVERSION = YES;
				CLANG_WARN_INFINITE_RECURSION = YES;
				CLANG_WARN_INT_CONVERSION = YES;
				CLANG_WARN_NON_LITERAL_NULL_CONVERSION = YES;
				CLANG_WARN_OBJC_IMPLICIT_RETAIN_SELF = YES;
				CLANG_WARN_OBJC_LITERAL_CONVERSION = YES;
				CLANG_WARN_OBJC_ROOT_CLASS = YES_ERROR;
				CLANG_WARN_QUOTED_INCLUDE_IN_FRAMEWORK_HEADER = YES;
				CLANG_WARN_RANGE_LOOP_ANALYSIS = YES;
				CLANG_WARN_STRICT_PROTOTYPES = YES;
				CLANG_WARN_SUSPICIOUS_MOVE = YES;
				CLANG_WARN_UNGUARDED_AVAILABILITY = YES_AGGRESSIVE;
				CLANG_WARN_UNREACHABLE_CODE = YES;
				CLANG_WARN__DUPLICATE_METHOD_MATCH = YES;
				COPY_PHASE_STRIP = NO;
				CURRENT_PROJECT_VERSION = 1;
				DEBUG_INFORMATION_FORMAT = dwarf;
				DEVELOPMENT_TEAM = 3QHJ2KN8AL;
				ENABLE_STRICT_OBJC_MSGSEND = YES;
				ENABLE_TESTABILITY = YES;
				GCC_C_LANGUAGE_STANDARD = gnu11;
				GCC_DYNAMIC_NO_PIC = NO;
				GCC_NO_COMMON_BLOCKS = YES;
				GCC_OPTIMIZATION_LEVEL = 0;
				GCC_PREPROCESSOR_DEFINITIONS = (
					"$(inherited)",
					"DEBUG=1",
				);
				GCC_WARN_64_TO_32_BIT_CONVERSION = YES;
				GCC_WARN_ABOUT_RETURN_TYPE = YES_ERROR;
				GCC_WARN_UNDECLARED_SELECTOR = YES;
				GCC_WARN_UNINITIALIZED_AUTOS = YES_AGGRESSIVE;
				GCC_WARN_UNUSED_FUNCTION = YES;
				GCC_WARN_UNUSED_VARIABLE = YES;
				GENERATE_INFOPLIST_FILE = YES;
				INFOPLIST_KEY_UIApplicationSceneManifest_Generation = YES;
				INFOPLIST_KEY_UIApplicationSupportsIndirectInputEvents = YES;
				INFOPLIST_KEY_UIStatusBarStyle = UIStatusBarStyleDefault;
				INFOPLIST_KEY_UISupportedInterfaceOrientations_iPad = "UIInterfaceOrientationPortrait UIInterfaceOrientationPortraitUpsideDown UIInterfaceOrientationLandscapeLeft UIInterfaceOrientationLandscapeRight";
				INFOPLIST_KEY_UISupportedInterfaceOrientations_iPhone = "UIInterfaceOrientationPortrait UIInterfaceOrientationLandscapeLeft UIInterfaceOrientationLandscapeRight";
				IPHONEOS_DEPLOYMENT_TARGET = 18.0;
				MARKETING_VERSION = 1.0.0;
				MTL_ENABLE_DEBUG_INFO = INCLUDE_SOURCE;
				MTL_FAST_MATH = YES;
				ONLY_ACTIVE_ARCH = YES;
				PRODUCT_NAME = "$(TARGET_NAME)";
				SDKROOT = auto;
				SUPPORTED_PLATFORMS = "iphoneos iphonesimulator";
				SUPPORTS_MACCATALYST = NO;
				SWIFT_ACTIVE_COMPILATION_CONDITIONS = DEBUG;
				SWIFT_OPTIMIZATION_LEVEL = "-Onone";
				SWIFT_VERSION = 6.0;
				TARGETED_DEVICE_FAMILY = "1,2";
			};
			name = "Debug Dev";
		};
		1EA4BB158E35EAA619FE4ED6 /* Release Production */ = {
			isa = XCBuildConfiguration;
			buildSettings = {
				ALWAYS_SEARCH_USER_PATHS = NO;
				CLANG_ANALYZER_NONNULL = YES;
				CLANG_ANALYZER_NUMBER_OBJECT_CONVERSION = YES_AGGRESSIVE;
				CLANG_CXX_LANGUAGE_STANDARD = "gnu++14";
				CLANG_CXX_LIBRARY = "libc++";
				CLANG_ENABLE_MODULES = YES;
				CLANG_ENABLE_OBJC_ARC = YES;
				CLANG_ENABLE_OBJC_WEAK = YES;
				CLANG_WARN_BLOCK_CAPTURE_AUTORELEASING = YES;
				CLANG_WARN_BOOL_CONVERSION = YES;
				CLANG_WARN_COMMA = YES;
				CLANG_WARN_CONSTANT_CONVERSION = YES;
				CLANG_WARN_DEPRECATED_OBJC_IMPLEMENTATIONS = YES;
				CLANG_WARN_DIRECT_OBJC_ISA_USAGE = YES_ERROR;
				CLANG_WARN_DOCUMENTATION_COMMENTS = YES;
				CLANG_WARN_EMPTY_BODY = YES;
				CLANG_WARN_ENUM_CONVERSION = YES;
				CLANG_WARN_INFINITE_RECURSION = YES;
				CLANG_WARN_INT_CONVERSION = YES;
				CLANG_WARN_NON_LITERAL_NULL_CONVERSION = YES;
				CLANG_WARN_OBJC_IMPLICIT_RETAIN_SELF = YES;
				CLANG_WARN_OBJC_LITERAL_CONVERSION = YES;
				CLANG_WARN_OBJC_ROOT_CLASS = YES_ERROR;
				CLANG_WARN_QUOTED_INCLUDE_IN_FRAMEWORK_HEADER = YES;
				CLANG_WARN_RANGE_LOOP_ANALYSIS = YES;
				CLANG_WARN_STRICT_PROTOTYPES = YES;
				CLANG_WARN_SUSPICIOUS_MOVE = YES;
				CLANG_WARN_UNGUARDED_AVAILABILITY = YES_AGGRESSIVE;
				CLANG_WARN_UNREACHABLE_CODE = YES;
				CLANG_WARN__DUPLICATE_METHOD_MATCH = YES;
				COPY_PHASE_STRIP = NO;
				CURRENT_PROJECT_VERSION = 1;
				DEBUG_INFORMATION_FORMAT = "dwarf-with-dsym";
				DEVELOPMENT_TEAM = 3QHJ2KN8AL;
				ENABLE_NS_ASSERTIONS = NO;
				ENABLE_STRICT_OBJC_MSGSEND = YES;
				GCC_C_LANGUAGE_STANDARD = gnu11;
				GCC_NO_COMMON_BLOCKS = YES;
				GCC_WARN_64_TO_32_BIT_CONVERSION = YES;
				GCC_WARN_ABOUT_RETURN_TYPE = YES_ERROR;
				GCC_WARN_UNDECLARED_SELECTOR = YES;
				GCC_WARN_UNINITIALIZED_AUTOS = YES_AGGRESSIVE;
				GCC_WARN_UNUSED_FUNCTION = YES;
				GCC_WARN_UNUSED_VARIABLE = YES;
				GENERATE_INFOPLIST_FILE = YES;
				INFOPLIST_KEY_UIApplicationSceneManifest_Generation = YES;
				INFOPLIST_KEY_UIApplicationSupportsIndirectInputEvents = YES;
				INFOPLIST_KEY_UIStatusBarStyle = UIStatusBarStyleDefault;
				INFOPLIST_KEY_UISupportedInterfaceOrientations_iPad = "UIInterfaceOrientationPortrait UIInterfaceOrientationPortraitUpsideDown UIInterfaceOrientationLandscapeLeft UIInterfaceOrientationLandscapeRight";
				INFOPLIST_KEY_UISupportedInterfaceOrientations_iPhone = "UIInterfaceOrientationPortrait UIInterfaceOrientationLandscapeLeft UIInterfaceOrientationLandscapeRight";
				IPHONEOS_DEPLOYMENT_TARGET = 18.0;
				MARKETING_VERSION = 1.0.0;
				MTL_ENABLE_DEBUG_INFO = NO;
				MTL_FAST_MATH = YES;
				PRODUCT_NAME = "$(TARGET_NAME)";
				SDKROOT = auto;
				SUPPORTED_PLATFORMS = "iphoneos iphonesimulator";
				SUPPORTS_MACCATALYST = NO;
				SWIFT_COMPILATION_MODE = wholemodule;
				SWIFT_OPTIMIZATION_LEVEL = "-O";
				SWIFT_VERSION = 6.0;
				TARGETED_DEVICE_FAMILY = "1,2";
			};
			name = "Release Production";
		};
		243A127296B67EF60333F0B3 /* Debug E2E */ = {
			isa = XCBuildConfiguration;
			buildSettings = {
				ALWAYS_SEARCH_USER_PATHS = NO;
				CLANG_ANALYZER_NONNULL = YES;
				CLANG_ANALYZER_NUMBER_OBJECT_CONVERSION = YES_AGGRESSIVE;
				CLANG_CXX_LANGUAGE_STANDARD = "gnu++14";
				CLANG_CXX_LIBRARY = "libc++";
				CLANG_ENABLE_MODULES = YES;
				CLANG_ENABLE_OBJC_ARC = YES;
				CLANG_ENABLE_OBJC_WEAK = YES;
				CLANG_WARN_BLOCK_CAPTURE_AUTORELEASING = YES;
				CLANG_WARN_BOOL_CONVERSION = YES;
				CLANG_WARN_COMMA = YES;
				CLANG_WARN_CONSTANT_CONVERSION = YES;
				CLANG_WARN_DEPRECATED_OBJC_IMPLEMENTATIONS = YES;
				CLANG_WARN_DIRECT_OBJC_ISA_USAGE = YES_ERROR;
				CLANG_WARN_DOCUMENTATION_COMMENTS = YES;
				CLANG_WARN_EMPTY_BODY = YES;
				CLANG_WARN_ENUM_CONVERSION = YES;
				CLANG_WARN_INFINITE_RECURSION = YES;
				CLANG_WARN_INT_CONVERSION = YES;
				CLANG_WARN_NON_LITERAL_NULL_CONVERSION = YES;
				CLANG_WARN_OBJC_IMPLICIT_RETAIN_SELF = YES;
				CLANG_WARN_OBJC_LITERAL_CONVERSION = YES;
				CLANG_WARN_OBJC_ROOT_CLASS = YES_ERROR;
				CLANG_WARN_QUOTED_INCLUDE_IN_FRAMEWORK_HEADER = YES;
				CLANG_WARN_RANGE_LOOP_ANALYSIS = YES;
				CLANG_WARN_STRICT_PROTOTYPES = YES;
				CLANG_WARN_SUSPICIOUS_MOVE = YES;
				CLANG_WARN_UNGUARDED_AVAILABILITY = YES_AGGRESSIVE;
				CLANG_WARN_UNREACHABLE_CODE = YES;
				CLANG_WARN__DUPLICATE_METHOD_MATCH = YES;
				COPY_PHASE_STRIP = NO;
				CURRENT_PROJECT_VERSION = 1;
				DEBUG_INFORMATION_FORMAT = dwarf;
				DEVELOPMENT_TEAM = 3QHJ2KN8AL;
				ENABLE_STRICT_OBJC_MSGSEND = YES;
				ENABLE_TESTABILITY = YES;
				GCC_C_LANGUAGE_STANDARD = gnu11;
				GCC_DYNAMIC_NO_PIC = NO;
				GCC_NO_COMMON_BLOCKS = YES;
				GCC_OPTIMIZATION_LEVEL = 0;
				GCC_PREPROCESSOR_DEFINITIONS = (
					"$(inherited)",
					"DEBUG=1",
				);
				GCC_WARN_64_TO_32_BIT_CONVERSION = YES;
				GCC_WARN_ABOUT_RETURN_TYPE = YES_ERROR;
				GCC_WARN_UNDECLARED_SELECTOR = YES;
				GCC_WARN_UNINITIALIZED_AUTOS = YES_AGGRESSIVE;
				GCC_WARN_UNUSED_FUNCTION = YES;
				GCC_WARN_UNUSED_VARIABLE = YES;
				GENERATE_INFOPLIST_FILE = YES;
				INFOPLIST_KEY_UIApplicationSceneManifest_Generation = YES;
				INFOPLIST_KEY_UIApplicationSupportsIndirectInputEvents = YES;
				INFOPLIST_KEY_UIStatusBarStyle = UIStatusBarStyleDefault;
				INFOPLIST_KEY_UISupportedInterfaceOrientations_iPad = "UIInterfaceOrientationPortrait UIInterfaceOrientationPortraitUpsideDown UIInterfaceOrientationLandscapeLeft UIInterfaceOrientationLandscapeRight";
				INFOPLIST_KEY_UISupportedInterfaceOrientations_iPhone = "UIInterfaceOrientationPortrait UIInterfaceOrientationLandscapeLeft UIInterfaceOrientationLandscapeRight";
				IPHONEOS_DEPLOYMENT_TARGET = 18.0;
				MARKETING_VERSION = 1.0.0;
				MTL_ENABLE_DEBUG_INFO = INCLUDE_SOURCE;
				MTL_FAST_MATH = YES;
				ONLY_ACTIVE_ARCH = YES;
				PRODUCT_NAME = "$(TARGET_NAME)";
				SDKROOT = auto;
				SUPPORTED_PLATFORMS = "iphoneos iphonesimulator";
				SUPPORTS_MACCATALYST = NO;
				SWIFT_ACTIVE_COMPILATION_CONDITIONS = DEBUG;
				SWIFT_OPTIMIZATION_LEVEL = "-Onone";
				SWIFT_VERSION = 6.0;
				TARGETED_DEVICE_FAMILY = "1,2";
			};
			name = "Debug E2E";
		};
		33BD1034470BD7F779EED6F6 /* Release Production */ = {
			isa = XCBuildConfiguration;
			buildSettings = {
				API_BASE_URL = "";
				APP_DISPLAY_NAME = Hakumi;
				APP_URL_SCHEME = hakumi;
				ASSETCATALOG_COMPILER_APPICON_NAME = AppIcon;
				CODE_SIGN_ENTITLEMENTS = Hakumi/Hakumi.entitlements;
				CODE_SIGN_IDENTITY = "iPhone Developer";
				COPY_PHASE_STRIP = NO;
				DEBUG_INFORMATION_FORMAT = "dwarf-with-dsym";
				ENABLE_TESTABILITY = NO;
				INFOPLIST_FILE = Hakumi/Info.plist;
				IPHONEOS_DEPLOYMENT_TARGET = 18.0;
				LD_RUNPATH_SEARCH_PATHS = (
					"$(inherited)",
					"@executable_path/Frameworks",
				);
				PRODUCT_BUNDLE_IDENTIFIER = com.pontistudios.hakumi;
				SDKROOT = iphoneos;
				SWIFT_ACTIVE_COMPILATION_CONDITIONS = PRODUCTION;
				TARGETED_DEVICE_FAMILY = "1,2";
				VALIDATE_PRODUCT = YES;
			};
			name = "Release Production";
		};
		3C9CFCCE5978469184459E42 /* Debug Dev */ = {
			isa = XCBuildConfiguration;
			buildSettings = {
				API_BASE_URL = "http://ponti-macpro14.local:4040";
				APP_DISPLAY_NAME = "Hakumi Dev";
				APP_URL_SCHEME = "hakumi-dev";
				ASSETCATALOG_COMPILER_APPICON_NAME = AppIcon;
				CODE_SIGN_ENTITLEMENTS = Hakumi/Hakumi.entitlements;
				CODE_SIGN_IDENTITY = "iPhone Developer";
				DEBUG_INFORMATION_FORMAT = dwarf;
				ENABLE_TESTABILITY = YES;
				INFOPLIST_FILE = Hakumi/Info.plist;
				IPHONEOS_DEPLOYMENT_TARGET = 18.0;
				LD_RUNPATH_SEARCH_PATHS = (
					"$(inherited)",
					"@executable_path/Frameworks",
				);
				MTL_ENABLE_DEBUG_INFO = INCLUDE_SOURCE;
				ONLY_ACTIVE_ARCH = YES;
				PRODUCT_BUNDLE_IDENTIFIER = com.pontistudios.hakumi.dev;
				SDKROOT = iphoneos;
				SWIFT_ACTIVE_COMPILATION_CONDITIONS = "DEBUG DEV";
				TARGETED_DEVICE_FAMILY = "1,2";
			};
			name = "Debug Dev";
		};
		43AF314A707EA66BFFCA26B7 /* Release Preview */ = {
			isa = XCBuildConfiguration;
			buildSettings = {
				BUNDLE_LOADER = "$(TEST_HOST)";
				GENERATE_INFOPLIST_FILE = YES;
				IPHONEOS_DEPLOYMENT_TARGET = 18.0;
				LD_RUNPATH_SEARCH_PATHS = (
					"$(inherited)",
					"@executable_path/Frameworks",
					"@loader_path/Frameworks",
				);
				PRODUCT_BUNDLE_IDENTIFIER = com.pontistudios.hakumi.uitests;
				SDKROOT = iphoneos;
				TARGETED_DEVICE_FAMILY = "1,2";
				TEST_TARGET_NAME = Hakumi;
			};
			name = "Release Preview";
		};
		5DB80E99BCEE253AF84C258C /* Debug Dev */ = {
			isa = XCBuildConfiguration;
			buildSettings = {
				BUNDLE_LOADER = "$(TEST_HOST)";
				GENERATE_INFOPLIST_FILE = YES;
				IPHONEOS_DEPLOYMENT_TARGET = 18.0;
				LD_RUNPATH_SEARCH_PATHS = (
					"$(inherited)",
					"@executable_path/Frameworks",
					"@loader_path/Frameworks",
				);
				PRODUCT_BUNDLE_IDENTIFIER = com.pontistudios.hakumi.uitests;
				SDKROOT = iphoneos;
				TARGETED_DEVICE_FAMILY = "1,2";
				TEST_TARGET_NAME = Hakumi;
			};
			name = "Debug Dev";
		};
		5FFA28EC78EEC48B3F06E0C8 /* Debug E2E */ = {
			isa = XCBuildConfiguration;
			buildSettings = {
				BUNDLE_LOADER = "$(TEST_HOST)";
				GENERATE_INFOPLIST_FILE = YES;
				IPHONEOS_DEPLOYMENT_TARGET = 18.0;
				LD_RUNPATH_SEARCH_PATHS = (
					"$(inherited)",
					"@executable_path/Frameworks",
					"@loader_path/Frameworks",
				);
				PRODUCT_BUNDLE_IDENTIFIER = com.pontistudios.hakumi.uitests;
				SDKROOT = iphoneos;
				TARGETED_DEVICE_FAMILY = "1,2";
				TEST_TARGET_NAME = Hakumi;
			};
			name = "Debug E2E";
		};
		7AAC237AB7BF3042CE764ABB /* Debug E2E */ = {
			isa = XCBuildConfiguration;
			buildSettings = {
				BUNDLE_LOADER = "$(TEST_HOST)";
				GENERATE_INFOPLIST_FILE = YES;
				IPHONEOS_DEPLOYMENT_TARGET = 18.0;
				LD_RUNPATH_SEARCH_PATHS = (
					"$(inherited)",
					"@executable_path/Frameworks",
					"@loader_path/Frameworks",
				);
				PRODUCT_BUNDLE_IDENTIFIER = com.pontistudios.hakumi.tests;
				SDKROOT = iphoneos;
				TARGETED_DEVICE_FAMILY = "1,2";
				TEST_HOST = "$(BUILT_PRODUCTS_DIR)/Hakumi.app/Hakumi";
			};
			name = "Debug E2E";
		};
		8A7CACB98AE010DA252AB230 /* Debug Preview */ = {
			isa = XCBuildConfiguration;
			buildSettings = {
				BUNDLE_LOADER = "$(TEST_HOST)";
				GENERATE_INFOPLIST_FILE = YES;
				IPHONEOS_DEPLOYMENT_TARGET = 18.0;
				LD_RUNPATH_SEARCH_PATHS = (
					"$(inherited)",
					"@executable_path/Frameworks",
					"@loader_path/Frameworks",
				);
				PRODUCT_BUNDLE_IDENTIFIER = com.pontistudios.hakumi.uitests;
				SDKROOT = iphoneos;
				TARGETED_DEVICE_FAMILY = "1,2";
				TEST_TARGET_NAME = Hakumi;
			};
			name = "Debug Preview";
		};
		9734D68F86314DA5AC02E288 /* Release Preview */ = {
			isa = XCBuildConfiguration;
			buildSettings = {
				BUNDLE_LOADER = "$(TEST_HOST)";
				GENERATE_INFOPLIST_FILE = YES;
				IPHONEOS_DEPLOYMENT_TARGET = 18.0;
				LD_RUNPATH_SEARCH_PATHS = (
					"$(inherited)",
					"@executable_path/Frameworks",
					"@loader_path/Frameworks",
				);
				PRODUCT_BUNDLE_IDENTIFIER = com.pontistudios.hakumi.tests;
				SDKROOT = iphoneos;
				TARGETED_DEVICE_FAMILY = "1,2";
				TEST_HOST = "$(BUILT_PRODUCTS_DIR)/Hakumi.app/Hakumi";
			};
			name = "Release Preview";
		};
		97F5730B991D959C2A9A643A /* Release Production */ = {
			isa = XCBuildConfiguration;
			buildSettings = {
				BUNDLE_LOADER = "$(TEST_HOST)";
				GENERATE_INFOPLIST_FILE = YES;
				IPHONEOS_DEPLOYMENT_TARGET = 18.0;
				LD_RUNPATH_SEARCH_PATHS = (
					"$(inherited)",
					"@executable_path/Frameworks",
					"@loader_path/Frameworks",
				);
				PRODUCT_BUNDLE_IDENTIFIER = com.pontistudios.hakumi.uitests;
				SDKROOT = iphoneos;
				TARGETED_DEVICE_FAMILY = "1,2";
				TEST_TARGET_NAME = Hakumi;
			};
			name = "Release Production";
		};
		9D89E5802961360D933A8850 /* Release Preview */ = {
			isa = XCBuildConfiguration;
			buildSettings = {
				ALWAYS_SEARCH_USER_PATHS = NO;
				CLANG_ANALYZER_NONNULL = YES;
				CLANG_ANALYZER_NUMBER_OBJECT_CONVERSION = YES_AGGRESSIVE;
				CLANG_CXX_LANGUAGE_STANDARD = "gnu++14";
				CLANG_CXX_LIBRARY = "libc++";
				CLANG_ENABLE_MODULES = YES;
				CLANG_ENABLE_OBJC_ARC = YES;
				CLANG_ENABLE_OBJC_WEAK = YES;
				CLANG_WARN_BLOCK_CAPTURE_AUTORELEASING = YES;
				CLANG_WARN_BOOL_CONVERSION = YES;
				CLANG_WARN_COMMA = YES;
				CLANG_WARN_CONSTANT_CONVERSION = YES;
				CLANG_WARN_DEPRECATED_OBJC_IMPLEMENTATIONS = YES;
				CLANG_WARN_DIRECT_OBJC_ISA_USAGE = YES_ERROR;
				CLANG_WARN_DOCUMENTATION_COMMENTS = YES;
				CLANG_WARN_EMPTY_BODY = YES;
				CLANG_WARN_ENUM_CONVERSION = YES;
				CLANG_WARN_INFINITE_RECURSION = YES;
				CLANG_WARN_INT_CONVERSION = YES;
				CLANG_WARN_NON_LITERAL_NULL_CONVERSION = YES;
				CLANG_WARN_OBJC_IMPLICIT_RETAIN_SELF = YES;
				CLANG_WARN_OBJC_LITERAL_CONVERSION = YES;
				CLANG_WARN_OBJC_ROOT_CLASS = YES_ERROR;
				CLANG_WARN_QUOTED_INCLUDE_IN_FRAMEWORK_HEADER = YES;
				CLANG_WARN_RANGE_LOOP_ANALYSIS = YES;
				CLANG_WARN_STRICT_PROTOTYPES = YES;
				CLANG_WARN_SUSPICIOUS_MOVE = YES;
				CLANG_WARN_UNGUARDED_AVAILABILITY = YES_AGGRESSIVE;
				CLANG_WARN_UNREACHABLE_CODE = YES;
				CLANG_WARN__DUPLICATE_METHOD_MATCH = YES;
				COPY_PHASE_STRIP = NO;
				CURRENT_PROJECT_VERSION = 1;
				DEBUG_INFORMATION_FORMAT = "dwarf-with-dsym";
				DEVELOPMENT_TEAM = 3QHJ2KN8AL;
				ENABLE_NS_ASSERTIONS = NO;
				ENABLE_STRICT_OBJC_MSGSEND = YES;
				GCC_C_LANGUAGE_STANDARD = gnu11;
				GCC_NO_COMMON_BLOCKS = YES;
				GCC_WARN_64_TO_32_BIT_CONVERSION = YES;
				GCC_WARN_ABOUT_RETURN_TYPE = YES_ERROR;
				GCC_WARN_UNDECLARED_SELECTOR = YES;
				GCC_WARN_UNINITIALIZED_AUTOS = YES_AGGRESSIVE;
				GCC_WARN_UNUSED_FUNCTION = YES;
				GCC_WARN_UNUSED_VARIABLE = YES;
				GENERATE_INFOPLIST_FILE = YES;
				INFOPLIST_KEY_UIApplicationSceneManifest_Generation = YES;
				INFOPLIST_KEY_UIApplicationSupportsIndirectInputEvents = YES;
				INFOPLIST_KEY_UIStatusBarStyle = UIStatusBarStyleDefault;
				INFOPLIST_KEY_UISupportedInterfaceOrientations_iPad = "UIInterfaceOrientationPortrait UIInterfaceOrientationPortraitUpsideDown UIInterfaceOrientationLandscapeLeft UIInterfaceOrientationLandscapeRight";
				INFOPLIST_KEY_UISupportedInterfaceOrientations_iPhone = "UIInterfaceOrientationPortrait UIInterfaceOrientationLandscapeLeft UIInterfaceOrientationLandscapeRight";
				IPHONEOS_DEPLOYMENT_TARGET = 18.0;
				MARKETING_VERSION = 1.0.0;
				MTL_ENABLE_DEBUG_INFO = NO;
				MTL_FAST_MATH = YES;
				PRODUCT_NAME = "$(TARGET_NAME)";
				SDKROOT = auto;
				SUPPORTED_PLATFORMS = "iphoneos iphonesimulator";
				SUPPORTS_MACCATALYST = NO;
				SWIFT_COMPILATION_MODE = wholemodule;
				SWIFT_OPTIMIZATION_LEVEL = "-O";
				SWIFT_VERSION = 6.0;
				TARGETED_DEVICE_FAMILY = "1,2";
			};
			name = "Release Preview";
		};
		AA3FAE0CFFBE23AD9A2FD48A /* Debug Preview */ = {
			isa = XCBuildConfiguration;
			buildSettings = {
				ALWAYS_SEARCH_USER_PATHS = NO;
				CLANG_ANALYZER_NONNULL = YES;
				CLANG_ANALYZER_NUMBER_OBJECT_CONVERSION = YES_AGGRESSIVE;
				CLANG_CXX_LANGUAGE_STANDARD = "gnu++14";
				CLANG_CXX_LIBRARY = "libc++";
				CLANG_ENABLE_MODULES = YES;
				CLANG_ENABLE_OBJC_ARC = YES;
				CLANG_ENABLE_OBJC_WEAK = YES;
				CLANG_WARN_BLOCK_CAPTURE_AUTORELEASING = YES;
				CLANG_WARN_BOOL_CONVERSION = YES;
				CLANG_WARN_COMMA = YES;
				CLANG_WARN_CONSTANT_CONVERSION = YES;
				CLANG_WARN_DEPRECATED_OBJC_IMPLEMENTATIONS = YES;
				CLANG_WARN_DIRECT_OBJC_ISA_USAGE = YES_ERROR;
				CLANG_WARN_DOCUMENTATION_COMMENTS = YES;
				CLANG_WARN_EMPTY_BODY = YES;
				CLANG_WARN_ENUM_CONVERSION = YES;
				CLANG_WARN_INFINITE_RECURSION = YES;
				CLANG_WARN_INT_CONVERSION = YES;
				CLANG_WARN_NON_LITERAL_NULL_CONVERSION = YES;
				CLANG_WARN_OBJC_IMPLICIT_RETAIN_SELF = YES;
				CLANG_WARN_OBJC_LITERAL_CONVERSION = YES;
				CLANG_WARN_OBJC_ROOT_CLASS = YES_ERROR;
				CLANG_WARN_QUOTED_INCLUDE_IN_FRAMEWORK_HEADER = YES;
				CLANG_WARN_RANGE_LOOP_ANALYSIS = YES;
				CLANG_WARN_STRICT_PROTOTYPES = YES;
				CLANG_WARN_SUSPICIOUS_MOVE = YES;
				CLANG_WARN_UNGUARDED_AVAILABILITY = YES_AGGRESSIVE;
				CLANG_WARN_UNREACHABLE_CODE = YES;
				CLANG_WARN__DUPLICATE_METHOD_MATCH = YES;
				COPY_PHASE_STRIP = NO;
				CURRENT_PROJECT_VERSION = 1;
				DEBUG_INFORMATION_FORMAT = dwarf;
				DEVELOPMENT_TEAM = 3QHJ2KN8AL;
				ENABLE_STRICT_OBJC_MSGSEND = YES;
				ENABLE_TESTABILITY = YES;
				GCC_C_LANGUAGE_STANDARD = gnu11;
				GCC_DYNAMIC_NO_PIC = NO;
				GCC_NO_COMMON_BLOCKS = YES;
				GCC_OPTIMIZATION_LEVEL = 0;
				GCC_PREPROCESSOR_DEFINITIONS = (
					"$(inherited)",
					"DEBUG=1",
				);
				GCC_WARN_64_TO_32_BIT_CONVERSION = YES;
				GCC_WARN_ABOUT_RETURN_TYPE = YES_ERROR;
				GCC_WARN_UNDECLARED_SELECTOR = YES;
				GCC_WARN_UNINITIALIZED_AUTOS = YES_AGGRESSIVE;
				GCC_WARN_UNUSED_FUNCTION = YES;
				GCC_WARN_UNUSED_VARIABLE = YES;
				GENERATE_INFOPLIST_FILE = YES;
				INFOPLIST_KEY_UIApplicationSceneManifest_Generation = YES;
				INFOPLIST_KEY_UIApplicationSupportsIndirectInputEvents = YES;
				INFOPLIST_KEY_UIStatusBarStyle = UIStatusBarStyleDefault;
				INFOPLIST_KEY_UISupportedInterfaceOrientations_iPad = "UIInterfaceOrientationPortrait UIInterfaceOrientationPortraitUpsideDown UIInterfaceOrientationLandscapeLeft UIInterfaceOrientationLandscapeRight";
				INFOPLIST_KEY_UISupportedInterfaceOrientations_iPhone = "UIInterfaceOrientationPortrait UIInterfaceOrientationLandscapeLeft UIInterfaceOrientationLandscapeRight";
				IPHONEOS_DEPLOYMENT_TARGET = 18.0;
				MARKETING_VERSION = 1.0.0;
				MTL_ENABLE_DEBUG_INFO = INCLUDE_SOURCE;
				MTL_FAST_MATH = YES;
				ONLY_ACTIVE_ARCH = YES;
				PRODUCT_NAME = "$(TARGET_NAME)";
				SDKROOT = auto;
				SUPPORTED_PLATFORMS = "iphoneos iphonesimulator";
				SUPPORTS_MACCATALYST = NO;
				SWIFT_ACTIVE_COMPILATION_CONDITIONS = DEBUG;
				SWIFT_OPTIMIZATION_LEVEL = "-Onone";
				SWIFT_VERSION = 6.0;
				TARGETED_DEVICE_FAMILY = "1,2";
			};
			name = "Debug Preview";
		};
		AA9FD694407ADAF353476F77 /* Debug E2E */ = {
			isa = XCBuildConfiguration;
			buildSettings = {
				API_BASE_URL = "http://ponti-macpro14.local:4040";
				APP_DISPLAY_NAME = "Hakumi E2E";
				APP_URL_SCHEME = "hakumi-e2e";
				ASSETCATALOG_COMPILER_APPICON_NAME = AppIcon;
				CODE_SIGN_ENTITLEMENTS = Hakumi/Hakumi.entitlements;
				CODE_SIGN_IDENTITY = "iPhone Developer";
				DEBUG_INFORMATION_FORMAT = dwarf;
				ENABLE_TESTABILITY = YES;
				INFOPLIST_FILE = Hakumi/Info.plist;
				IPHONEOS_DEPLOYMENT_TARGET = 18.0;
				LD_RUNPATH_SEARCH_PATHS = (
					"$(inherited)",
					"@executable_path/Frameworks",
				);
				MTL_ENABLE_DEBUG_INFO = INCLUDE_SOURCE;
				ONLY_ACTIVE_ARCH = YES;
				PRODUCT_BUNDLE_IDENTIFIER = com.pontistudios.hakumi.e2e;
				SDKROOT = iphoneos;
				SWIFT_ACTIVE_COMPILATION_CONDITIONS = "DEBUG E2E";
				TARGETED_DEVICE_FAMILY = "1,2";
			};
			name = "Debug E2E";
		};
		B14F63D8CC8799228F8B1816 /* Debug Dev */ = {
			isa = XCBuildConfiguration;
			buildSettings = {
				BUNDLE_LOADER = "$(TEST_HOST)";
				GENERATE_INFOPLIST_FILE = YES;
				IPHONEOS_DEPLOYMENT_TARGET = 18.0;
				LD_RUNPATH_SEARCH_PATHS = (
					"$(inherited)",
					"@executable_path/Frameworks",
					"@loader_path/Frameworks",
				);
				PRODUCT_BUNDLE_IDENTIFIER = com.pontistudios.hakumi.tests;
				SDKROOT = iphoneos;
				TARGETED_DEVICE_FAMILY = "1,2";
				TEST_HOST = "$(BUILT_PRODUCTS_DIR)/Hakumi.app/Hakumi";
			};
			name = "Debug Dev";
		};
		B457FAC2D32195BC5C7DE1C2 /* Release Preview */ = {
			isa = XCBuildConfiguration;
			buildSettings = {
				API_BASE_URL = "";
				APP_DISPLAY_NAME = "Hakumi Preview";
				APP_URL_SCHEME = "hakumi-preview";
				ASSETCATALOG_COMPILER_APPICON_NAME = AppIcon;
				CODE_SIGN_ENTITLEMENTS = Hakumi/Hakumi.entitlements;
				CODE_SIGN_IDENTITY = "iPhone Developer";
				COPY_PHASE_STRIP = NO;
				DEBUG_INFORMATION_FORMAT = "dwarf-with-dsym";
				ENABLE_TESTABILITY = NO;
				INFOPLIST_FILE = Hakumi/Info.plist;
				IPHONEOS_DEPLOYMENT_TARGET = 18.0;
				LD_RUNPATH_SEARCH_PATHS = (
					"$(inherited)",
					"@executable_path/Frameworks",
				);
				PRODUCT_BUNDLE_IDENTIFIER = com.pontistudios.hakumi.preview;
				SDKROOT = iphoneos;
				SWIFT_ACTIVE_COMPILATION_CONDITIONS = PREVIEW;
				TARGETED_DEVICE_FAMILY = "1,2";
				VALIDATE_PRODUCT = YES;
			};
			name = "Release Preview";
		};
		B9BE39B08EE3FC2176AD2231 /* Debug Preview */ = {
			isa = XCBuildConfiguration;
			buildSettings = {
				API_BASE_URL = "http://ponti-macpro14.local:4040";
				APP_DISPLAY_NAME = "Hakumi Preview";
				APP_URL_SCHEME = "hakumi-preview";
				ASSETCATALOG_COMPILER_APPICON_NAME = AppIcon;
				CODE_SIGN_ENTITLEMENTS = Hakumi/Hakumi.entitlements;
				CODE_SIGN_IDENTITY = "iPhone Developer";
				DEBUG_INFORMATION_FORMAT = dwarf;
				ENABLE_TESTABILITY = YES;
				INFOPLIST_FILE = Hakumi/Info.plist;
				IPHONEOS_DEPLOYMENT_TARGET = 18.0;
				LD_RUNPATH_SEARCH_PATHS = (
					"$(inherited)",
					"@executable_path/Frameworks",
				);
				MTL_ENABLE_DEBUG_INFO = INCLUDE_SOURCE;
				ONLY_ACTIVE_ARCH = YES;
				PRODUCT_BUNDLE_IDENTIFIER = com.pontistudios.hakumi.preview;
				SDKROOT = iphoneos;
				SWIFT_ACTIVE_COMPILATION_CONDITIONS = "DEBUG PREVIEW";
				TARGETED_DEVICE_FAMILY = "1,2";
			};
			name = "Debug Preview";
		};
		BB83955761A200DFB1DA1234 /* Debug Preview */ = {
			isa = XCBuildConfiguration;
			buildSettings = {
				BUNDLE_LOADER = "$(TEST_HOST)";
				GENERATE_INFOPLIST_FILE = YES;
				IPHONEOS_DEPLOYMENT_TARGET = 18.0;
				LD_RUNPATH_SEARCH_PATHS = (
					"$(inherited)",
					"@executable_path/Frameworks",
					"@loader_path/Frameworks",
				);
				PRODUCT_BUNDLE_IDENTIFIER = com.pontistudios.hakumi.tests;
				SDKROOT = iphoneos;
				TARGETED_DEVICE_FAMILY = "1,2";
				TEST_HOST = "$(BUILT_PRODUCTS_DIR)/Hakumi.app/Hakumi";
			};
			name = "Debug Preview";
		};
		F27D295525B76E37BC9F7A2D /* Release Production */ = {
			isa = XCBuildConfiguration;
			buildSettings = {
				BUNDLE_LOADER = "$(TEST_HOST)";
				GENERATE_INFOPLIST_FILE = YES;
				IPHONEOS_DEPLOYMENT_TARGET = 18.0;
				LD_RUNPATH_SEARCH_PATHS = (
					"$(inherited)",
					"@executable_path/Frameworks",
					"@loader_path/Frameworks",
				);
				PRODUCT_BUNDLE_IDENTIFIER = com.pontistudios.hakumi.tests;
				SDKROOT = iphoneos;
				TARGETED_DEVICE_FAMILY = "1,2";
				TEST_HOST = "$(BUILT_PRODUCTS_DIR)/Hakumi.app/Hakumi";
			};
			name = "Release Production";
		};
/* End XCBuildConfiguration section */

/* Begin XCConfigurationList section */
		207A68E8C0747D8195780256 /* Build configuration list for PBXNativeTarget "Hakumi" */ = {
			isa = XCConfigurationList;
			buildConfigurations = (
				3C9CFCCE5978469184459E42 /* Debug Dev */,
				AA9FD694407ADAF353476F77 /* Debug E2E */,
				B9BE39B08EE3FC2176AD2231 /* Debug Preview */,
				B457FAC2D32195BC5C7DE1C2 /* Release Preview */,
				33BD1034470BD7F779EED6F6 /* Release Production */,
			);
			defaultConfigurationIsVisible = 0;
			defaultConfigurationName = "Release Production";
		};
		25E7B55A11DD739389EA7399 /* Build configuration list for PBXNativeTarget "HakumiTests" */ = {
			isa = XCConfigurationList;
			buildConfigurations = (
				B14F63D8CC8799228F8B1816 /* Debug Dev */,
				7AAC237AB7BF3042CE764ABB /* Debug E2E */,
				BB83955761A200DFB1DA1234 /* Debug Preview */,
				9734D68F86314DA5AC02E288 /* Release Preview */,
				F27D295525B76E37BC9F7A2D /* Release Production */,
			);
			defaultConfigurationIsVisible = 0;
			defaultConfigurationName = "Release Production";
		};
		77CA1A8C4A737C926BE2AE11 /* Build configuration list for PBXNativeTarget "HakumiUITests" */ = {
			isa = XCConfigurationList;
			buildConfigurations = (
				5DB80E99BCEE253AF84C258C /* Debug Dev */,
				5FFA28EC78EEC48B3F06E0C8 /* Debug E2E */,
				8A7CACB98AE010DA252AB230 /* Debug Preview */,
				43AF314A707EA66BFFCA26B7 /* Release Preview */,
				97F5730B991D959C2A9A643A /* Release Production */,
			);
			defaultConfigurationIsVisible = 0;
			defaultConfigurationName = "Release Production";
		};
		9D6363772A5DB00F21FFF879 /* Build configuration list for PBXProject "Hakumi" */ = {
			isa = XCConfigurationList;
			buildConfigurations = (
				02A1E7061A57229BBA12C475 /* Debug Dev */,
				243A127296B67EF60333F0B3 /* Debug E2E */,
				AA3FAE0CFFBE23AD9A2FD48A /* Debug Preview */,
				9D89E5802961360D933A8850 /* Release Preview */,
				1EA4BB158E35EAA619FE4ED6 /* Release Production */,
			);
			defaultConfigurationIsVisible = 0;
			defaultConfigurationName = "Release Production";
		};
/* End XCConfigurationList section */
	};
	rootObject = 5D80B821DF7243A689422828 /* Project object */;
}
